PODS:
  - MASShortcut (2.3.3)
  - Sparkle (1.14.0)
  - SwiftyUserDefaults (2.1.3)

DEPENDENCIES:
  - MASShortcut
  - Sparkle
  - SwiftyUserDefaults

SPEC CHECKSUMS:
  MASShortcut: 38a76c9ea927de770c0a97ae28b15d18d6268b24
  Sparkle: ccd95233b12a3e3d4eeb55ff01dd4c8bb8188b07
  SwiftyUserDefaults: bd394a09247e3f00e17e402aa535c047c5d12b07

COCOAPODS: 0.39.0
