PODS:
  - MASShortcut (2.3.3)
  - SnapKit (0.20.0)
  - SwiftyUserDefaults (2.2.0)

DEPENDENCIES:
  - MASShortcut
  - SnapKit
  - SwiftyUserDefaults

SPEC CHECKSUMS:
  MASShortcut: 38a76c9ea927de770c0a97ae28b15d18d6268b24
  SnapKit: 5fce3c1bbbf1fbd31de9aa92f33eb9fa03f15650
  SwiftyUserDefaults: e7c8197a9d4068702e7f2406a968cae413b8de27

COCOAPODS: 0.39.0
