// !$*UTF8*$!
{
	archiveVersion = 1;
	classes = {
	};
	objectVersion = 46;
	objects = {

/* Begin PBXBuildFile section */
		B2DBC5A81CC0CF0D00FBF3A2 /* AZPreferenceWindowController.xib in Resources */ = {isa = PBXBuildFile; fileRef = B2DBC5AA1CC0CF0D00FBF3A2 /* AZPreferenceWindowController.xib */; };
		C609951399DB843FBAA2A366 /* libPods-Thor.a in Frameworks */ = {isa = PBXBuildFile; fileRef = 69D028EE5B61D17B8ECCDF02 /* libPods-Thor.a */; };
		E12A0D181A217BE200C0C366 /* AppDelegate.m in Sources */ = {isa = PBXBuildFile; fileRef = E12A0D171A217BE200C0C366 /* AppDelegate.m */; };
		E12A0D1A1A217BE200C0C366 /* main.m in Sources */ = {isa = PBXBuildFile; fileRef = E12A0D191A217BE200C0C366 /* main.m */; };
		E12A0D1F1A217BE200C0C366 /* Images.xcassets in Resources */ = {isa = PBXBuildFile; fileRef = E12A0D1E1A217BE200C0C366 /* Images.xcassets */; };
		E12A0D2E1A217BE200C0C366 /* ThorTests.m in Sources */ = {isa = PBXBuildFile; fileRef = E12A0D2D1A217BE200C0C366 /* ThorTests.m */; };
		E12A0D5F1A217D6300C0C366 /* AZAppController.m in Sources */ = {isa = PBXBuildFile; fileRef = E12A0D3B1A217D6300C0C366 /* AZAppController.m */; };
		E12A0D601A217D6300C0C366 /* AZPreferenceWindowController.m in Sources */ = {isa = PBXBuildFile; fileRef = E12A0D3D1A217D6300C0C366 /* AZPreferenceWindowController.m */; };
		E12A0D611A217D6300C0C366 /* AZPrefsWindowController.m in Sources */ = {isa = PBXBuildFile; fileRef = E12A0D3F1A217D6300C0C366 /* AZPrefsWindowController.m */; };
		E12A0D621A217D6300C0C366 /* AZAppsManager.m in Sources */ = {isa = PBXBuildFile; fileRef = E12A0D421A217D6300C0C366 /* AZAppsManager.m */; };
		E12A0D631A217D6300C0C366 /* AZHotKeyManager.m in Sources */ = {isa = PBXBuildFile; fileRef = E12A0D441A217D6300C0C366 /* AZHotKeyManager.m */; };
		E12A0D641A217D6300C0C366 /* AZResourceManager.m in Sources */ = {isa = PBXBuildFile; fileRef = E12A0D461A217D6300C0C366 /* AZResourceManager.m */; };
		E12A0D651A217D6300C0C366 /* NSView+Addition.m in Sources */ = {isa = PBXBuildFile; fileRef = E12A0D481A217D6300C0C366 /* NSView+Addition.m */; };
		E12A0D661A217D6300C0C366 /* AZAppModel.m in Sources */ = {isa = PBXBuildFile; fileRef = E12A0D4F1A217D6300C0C366 /* AZAppModel.m */; };
		E12A0D671A217D6300C0C366 /* Advanced.png in Resources */ = {isa = PBXBuildFile; fileRef = E12A0D521A217D6300C0C366 /* Advanced.png */; };
		E12A0D681A217D6300C0C366 /* General.png in Resources */ = {isa = PBXBuildFile; fileRef = E12A0D531A217D6300C0C366 /* General.png */; };
		E12A0D691A217D6300C0C366 /* Updates.tiff in Resources */ = {isa = PBXBuildFile; fileRef = E12A0D541A217D6300C0C366 /* Updates.tiff */; };
		E12A0D6A1A217D6300C0C366 /* AZAboutView.m in Sources */ = {isa = PBXBuildFile; fileRef = E12A0D581A217D6300C0C366 /* AZAboutView.m */; };
		E12A0D6B1A217D6300C0C366 /* AZAppIconView.m in Sources */ = {isa = PBXBuildFile; fileRef = E12A0D5A1A217D6300C0C366 /* AZAppIconView.m */; };
		E12A0D6C1A217D6300C0C366 /* AZAppsSelectionView.m in Sources */ = {isa = PBXBuildFile; fileRef = E12A0D5C1A217D6300C0C366 /* AZAppsSelectionView.m */; };
		E12A0D6D1A217D6300C0C366 /* AZConfigView.m in Sources */ = {isa = PBXBuildFile; fileRef = E12A0D5E1A217D6300C0C366 /* AZConfigView.m */; };
		E12A0D701A217DCE00C0C366 /* AZAppsSwitchWindow.m in Sources */ = {isa = PBXBuildFile; fileRef = E12A0D6F1A217DCE00C0C366 /* AZAppsSwitchWindow.m */; };
		E192A34B1A2CAF230068BE3F /* MainMenu.xib in Resources */ = {isa = PBXBuildFile; fileRef = E192A34A1A2CAF230068BE3F /* MainMenu.xib */; };
		E1AFBA711A2E096E003F283C /* AZAppsListView.m in Sources */ = {isa = PBXBuildFile; fileRef = E1AFBA701A2E096E003F283C /* AZAppsListView.m */; };
/* End PBXBuildFile section */

/* Begin PBXContainerItemProxy section */
		E12A0D281A217BE200C0C366 /* PBXContainerItemProxy */ = {
			isa = PBXContainerItemProxy;
			containerPortal = E12A0D091A217BE200C0C366 /* Project object */;
			proxyType = 1;
			remoteGlobalIDString = E12A0D101A217BE200C0C366;
			remoteInfo = Thor;
		};
/* End PBXContainerItemProxy section */

/* Begin PBXFileReference section */
		570A3E20716E79E5D9A01CCF /* Pods-Thor.debug.xcconfig */ = {isa = PBXFileReference; includeInIndex = 1; lastKnownFileType = text.xcconfig; name = "Pods-Thor.debug.xcconfig"; path = "Pods/Target Support Files/Pods-Thor/Pods-Thor.debug.xcconfig"; sourceTree = "<group>"; };
		5CC7ECE03F9F76B403FB5676 /* Pods-Thor.release.xcconfig */ = {isa = PBXFileReference; includeInIndex = 1; lastKnownFileType = text.xcconfig; name = "Pods-Thor.release.xcconfig"; path = "Pods/Target Support Files/Pods-Thor/Pods-Thor.release.xcconfig"; sourceTree = "<group>"; };
		69D028EE5B61D17B8ECCDF02 /* libPods-Thor.a */ = {isa = PBXFileReference; explicitFileType = archive.ar; includeInIndex = 0; path = "libPods-Thor.a"; sourceTree = BUILT_PRODUCTS_DIR; };
		B2DBC5A91CC0CF0D00FBF3A2 /* en */ = {isa = PBXFileReference; lastKnownFileType = file.xib; name = en; path = en.lproj/AZPreferenceWindowController.xib; sourceTree = "<group>"; };
		B2DBC5AB1CC0CF7300FBF3A2 /* zh-Hans */ = {isa = PBXFileReference; lastKnownFileType = file.xib; name = "zh-Hans"; path = "zh-Hans.lproj/AZPreferenceWindowController.xib"; sourceTree = "<group>"; };
		E12A0D111A217BE200C0C366 /* Thor.app */ = {isa = PBXFileReference; explicitFileType = wrapper.application; includeInIndex = 0; path = Thor.app; sourceTree = BUILT_PRODUCTS_DIR; };
		E12A0D151A217BE200C0C366 /* Info.plist */ = {isa = PBXFileReference; lastKnownFileType = text.plist.xml; path = Info.plist; sourceTree = "<group>"; };
		E12A0D161A217BE200C0C366 /* AppDelegate.h */ = {isa = PBXFileReference; lastKnownFileType = sourcecode.c.h; path = AppDelegate.h; sourceTree = "<group>"; };
		E12A0D171A217BE200C0C366 /* AppDelegate.m */ = {isa = PBXFileReference; lastKnownFileType = sourcecode.c.objc; path = AppDelegate.m; sourceTree = "<group>"; };
		E12A0D191A217BE200C0C366 /* main.m */ = {isa = PBXFileReference; lastKnownFileType = sourcecode.c.objc; path = main.m; sourceTree = "<group>"; };
		E12A0D1E1A217BE200C0C366 /* Images.xcassets */ = {isa = PBXFileReference; lastKnownFileType = folder.assetcatalog; path = Images.xcassets; sourceTree = "<group>"; };
		E12A0D271A217BE200C0C366 /* ThorTests.xctest */ = {isa = PBXFileReference; explicitFileType = wrapper.cfbundle; includeInIndex = 0; path = ThorTests.xctest; sourceTree = BUILT_PRODUCTS_DIR; };
		E12A0D2C1A217BE200C0C366 /* Info.plist */ = {isa = PBXFileReference; lastKnownFileType = text.plist.xml; path = Info.plist; sourceTree = "<group>"; };
		E12A0D2D1A217BE200C0C366 /* ThorTests.m */ = {isa = PBXFileReference; lastKnownFileType = sourcecode.c.objc; path = ThorTests.m; sourceTree = "<group>"; };
		E12A0D3A1A217D6300C0C366 /* AZAppController.h */ = {isa = PBXFileReference; fileEncoding = 4; lastKnownFileType = sourcecode.c.h; path = AZAppController.h; sourceTree = "<group>"; };
		E12A0D3B1A217D6300C0C366 /* AZAppController.m */ = {isa = PBXFileReference; fileEncoding = 4; lastKnownFileType = sourcecode.c.objc; path = AZAppController.m; sourceTree = "<group>"; };
		E12A0D3C1A217D6300C0C366 /* AZPreferenceWindowController.h */ = {isa = PBXFileReference; fileEncoding = 4; lastKnownFileType = sourcecode.c.h; path = AZPreferenceWindowController.h; sourceTree = "<group>"; };
		E12A0D3D1A217D6300C0C366 /* AZPreferenceWindowController.m */ = {isa = PBXFileReference; fileEncoding = 4; lastKnownFileType = sourcecode.c.objc; path = AZPreferenceWindowController.m; sourceTree = "<group>"; };
		E12A0D3E1A217D6300C0C366 /* AZPrefsWindowController.h */ = {isa = PBXFileReference; fileEncoding = 4; lastKnownFileType = sourcecode.c.h; path = AZPrefsWindowController.h; sourceTree = "<group>"; };
		E12A0D3F1A217D6300C0C366 /* AZPrefsWindowController.m */ = {isa = PBXFileReference; fileEncoding = 4; lastKnownFileType = sourcecode.c.objc; path = AZPrefsWindowController.m; sourceTree = "<group>"; };
		E12A0D411A217D6300C0C366 /* AZAppsManager.h */ = {isa = PBXFileReference; fileEncoding = 4; lastKnownFileType = sourcecode.c.h; path = AZAppsManager.h; sourceTree = "<group>"; };
		E12A0D421A217D6300C0C366 /* AZAppsManager.m */ = {isa = PBXFileReference; fileEncoding = 4; lastKnownFileType = sourcecode.c.objc; path = AZAppsManager.m; sourceTree = "<group>"; };
		E12A0D431A217D6300C0C366 /* AZHotKeyManager.h */ = {isa = PBXFileReference; fileEncoding = 4; lastKnownFileType = sourcecode.c.h; path = AZHotKeyManager.h; sourceTree = "<group>"; };
		E12A0D441A217D6300C0C366 /* AZHotKeyManager.m */ = {isa = PBXFileReference; fileEncoding = 4; lastKnownFileType = sourcecode.c.objc; path = AZHotKeyManager.m; sourceTree = "<group>"; };
		E12A0D451A217D6300C0C366 /* AZResourceManager.h */ = {isa = PBXFileReference; fileEncoding = 4; lastKnownFileType = sourcecode.c.h; path = AZResourceManager.h; sourceTree = "<group>"; };
		E12A0D461A217D6300C0C366 /* AZResourceManager.m */ = {isa = PBXFileReference; fileEncoding = 4; lastKnownFileType = sourcecode.c.objc; path = AZResourceManager.m; sourceTree = "<group>"; };
		E12A0D471A217D6300C0C366 /* NSView+Addition.h */ = {isa = PBXFileReference; fileEncoding = 4; lastKnownFileType = sourcecode.c.h; path = "NSView+Addition.h"; sourceTree = "<group>"; };
		E12A0D481A217D6300C0C366 /* NSView+Addition.m */ = {isa = PBXFileReference; fileEncoding = 4; lastKnownFileType = sourcecode.c.objc; path = "NSView+Addition.m"; sourceTree = "<group>"; };
		E12A0D4A1A217D6300C0C366 /* AppMacro.h */ = {isa = PBXFileReference; fileEncoding = 4; lastKnownFileType = sourcecode.c.h; path = AppMacro.h; sourceTree = "<group>"; };
		E12A0D4B1A217D6300C0C366 /* UtilsMacro.h */ = {isa = PBXFileReference; fileEncoding = 4; lastKnownFileType = sourcecode.c.h; path = UtilsMacro.h; sourceTree = "<group>"; };
		E12A0D4C1A217D6300C0C366 /* VendorMacro.h */ = {isa = PBXFileReference; fileEncoding = 4; lastKnownFileType = sourcecode.c.h; path = VendorMacro.h; sourceTree = "<group>"; };
		E12A0D4E1A217D6300C0C366 /* AZAppModel.h */ = {isa = PBXFileReference; fileEncoding = 4; lastKnownFileType = sourcecode.c.h; path = AZAppModel.h; sourceTree = "<group>"; };
		E12A0D4F1A217D6300C0C366 /* AZAppModel.m */ = {isa = PBXFileReference; fileEncoding = 4; lastKnownFileType = sourcecode.c.objc; path = AZAppModel.m; sourceTree = "<group>"; };
		E12A0D521A217D6300C0C366 /* Advanced.png */ = {isa = PBXFileReference; lastKnownFileType = image.png; path = Advanced.png; sourceTree = "<group>"; };
		E12A0D531A217D6300C0C366 /* General.png */ = {isa = PBXFileReference; lastKnownFileType = image.png; path = General.png; sourceTree = "<group>"; };
		E12A0D541A217D6300C0C366 /* Updates.tiff */ = {isa = PBXFileReference; lastKnownFileType = image.tiff; path = Updates.tiff; sourceTree = "<group>"; };
		E12A0D571A217D6300C0C366 /* AZAboutView.h */ = {isa = PBXFileReference; fileEncoding = 4; lastKnownFileType = sourcecode.c.h; path = AZAboutView.h; sourceTree = "<group>"; };
		E12A0D581A217D6300C0C366 /* AZAboutView.m */ = {isa = PBXFileReference; fileEncoding = 4; lastKnownFileType = sourcecode.c.objc; path = AZAboutView.m; sourceTree = "<group>"; };
		E12A0D591A217D6300C0C366 /* AZAppIconView.h */ = {isa = PBXFileReference; fileEncoding = 4; lastKnownFileType = sourcecode.c.h; path = AZAppIconView.h; sourceTree = "<group>"; };
		E12A0D5A1A217D6300C0C366 /* AZAppIconView.m */ = {isa = PBXFileReference; fileEncoding = 4; lastKnownFileType = sourcecode.c.objc; path = AZAppIconView.m; sourceTree = "<group>"; };
		E12A0D5B1A217D6300C0C366 /* AZAppsSelectionView.h */ = {isa = PBXFileReference; fileEncoding = 4; lastKnownFileType = sourcecode.c.h; path = AZAppsSelectionView.h; sourceTree = "<group>"; };
		E12A0D5C1A217D6300C0C366 /* AZAppsSelectionView.m */ = {isa = PBXFileReference; fileEncoding = 4; lastKnownFileType = sourcecode.c.objc; path = AZAppsSelectionView.m; sourceTree = "<group>"; };
		E12A0D5D1A217D6300C0C366 /* AZConfigView.h */ = {isa = PBXFileReference; fileEncoding = 4; lastKnownFileType = sourcecode.c.h; path = AZConfigView.h; sourceTree = "<group>"; };
		E12A0D5E1A217D6300C0C366 /* AZConfigView.m */ = {isa = PBXFileReference; fileEncoding = 4; lastKnownFileType = sourcecode.c.objc; path = AZConfigView.m; sourceTree = "<group>"; };
		E12A0D6E1A217DCE00C0C366 /* AZAppsSwitchWindow.h */ = {isa = PBXFileReference; fileEncoding = 4; lastKnownFileType = sourcecode.c.h; path = AZAppsSwitchWindow.h; sourceTree = "<group>"; };
		E12A0D6F1A217DCE00C0C366 /* AZAppsSwitchWindow.m */ = {isa = PBXFileReference; fileEncoding = 4; lastKnownFileType = sourcecode.c.objc; path = AZAppsSwitchWindow.m; sourceTree = "<group>"; };
		E192A34A1A2CAF230068BE3F /* MainMenu.xib */ = {isa = PBXFileReference; fileEncoding = 4; lastKnownFileType = file.xib; path = MainMenu.xib; sourceTree = "<group>"; };
		E192A34E1A2CB0820068BE3F /* Thor-Prefix.pch */ = {isa = PBXFileReference; lastKnownFileType = sourcecode.c.h; path = "Thor-Prefix.pch"; sourceTree = "<group>"; };
		E1AFBA6F1A2E096E003F283C /* AZAppsListView.h */ = {isa = PBXFileReference; fileEncoding = 4; lastKnownFileType = sourcecode.c.h; path = AZAppsListView.h; sourceTree = "<group>"; };
		E1AFBA701A2E096E003F283C /* AZAppsListView.m */ = {isa = PBXFileReference; fileEncoding = 4; lastKnownFileType = sourcecode.c.objc; path = AZAppsListView.m; sourceTree = "<group>"; };
/* End PBXFileReference section */

/* Begin PBXFrameworksBuildPhase section */
		E12A0D0E1A217BE200C0C366 /* Frameworks */ = {
			isa = PBXFrameworksBuildPhase;
			buildActionMask = 2147483647;
			files = (
				C609951399DB843FBAA2A366 /* libPods-Thor.a in Frameworks */,
			);
			runOnlyForDeploymentPostprocessing = 0;
		};
		E12A0D241A217BE200C0C366 /* Frameworks */ = {
			isa = PBXFrameworksBuildPhase;
			buildActionMask = 2147483647;
			files = (
			);
			runOnlyForDeploymentPostprocessing = 0;
		};
/* End PBXFrameworksBuildPhase section */

/* Begin PBXGroup section */
		0B640319EC3D1AB46337CDF0 /* Frameworks */ = {
			isa = PBXGroup;
			children = (
				69D028EE5B61D17B8ECCDF02 /* libPods-Thor.a */,
			);
			name = Frameworks;
			sourceTree = "<group>";
		};
		7084B450BEAC1162F0CBA80E /* Pods */ = {
			isa = PBXGroup;
			children = (
				570A3E20716E79E5D9A01CCF /* Pods-Thor.debug.xcconfig */,
				5CC7ECE03F9F76B403FB5676 /* Pods-Thor.release.xcconfig */,
			);
			name = Pods;
			sourceTree = "<group>";
		};
		E12A0D081A217BE200C0C366 = {
			isa = PBXGroup;
			children = (
				E12A0D131A217BE200C0C366 /* Thor */,
				E12A0D2A1A217BE200C0C366 /* ThorTests */,
				E12A0D121A217BE200C0C366 /* Products */,
				7084B450BEAC1162F0CBA80E /* Pods */,
				0B640319EC3D1AB46337CDF0 /* Frameworks */,
			);
			sourceTree = "<group>";
		};
		E12A0D121A217BE200C0C366 /* Products */ = {
			isa = PBXGroup;
			children = (
				E12A0D111A217BE200C0C366 /* Thor.app */,
				E12A0D271A217BE200C0C366 /* ThorTests.xctest */,
			);
			name = Products;
			sourceTree = "<group>";
		};
		E12A0D131A217BE200C0C366 /* Thor */ = {
			isa = PBXGroup;
			children = (
				E12A0D161A217BE200C0C366 /* AppDelegate.h */,
				E12A0D171A217BE200C0C366 /* AppDelegate.m */,
				E12A0D391A217D6300C0C366 /* Controller */,
				E12A0D401A217D6300C0C366 /* Helper */,
				E12A0D491A217D6300C0C366 /* Macro */,
				E12A0D4D1A217D6300C0C366 /* Model */,
				E12A0D501A217D6300C0C366 /* Resources */,
				E12A0D551A217D6300C0C366 /* Vendor */,
				E12A0D561A217D6300C0C366 /* View */,
				E12A0D1E1A217BE200C0C366 /* Images.xcassets */,
				E192A34A1A2CAF230068BE3F /* MainMenu.xib */,
				E12A0D141A217BE200C0C366 /* Supporting Files */,
			);
			path = Thor;
			sourceTree = "<group>";
		};
		E12A0D141A217BE200C0C366 /* Supporting Files */ = {
			isa = PBXGroup;
			children = (
				E12A0D151A217BE200C0C366 /* Info.plist */,
				E12A0D191A217BE200C0C366 /* main.m */,
				E192A34E1A2CB0820068BE3F /* Thor-Prefix.pch */,
			);
			name = "Supporting Files";
			sourceTree = "<group>";
		};
		E12A0D2A1A217BE200C0C366 /* ThorTests */ = {
			isa = PBXGroup;
			children = (
				E12A0D2D1A217BE200C0C366 /* ThorTests.m */,
				E12A0D2B1A217BE200C0C366 /* Supporting Files */,
			);
			path = ThorTests;
			sourceTree = "<group>";
		};
		E12A0D2B1A217BE200C0C366 /* Supporting Files */ = {
			isa = PBXGroup;
			children = (
				E12A0D2C1A217BE200C0C366 /* Info.plist */,
			);
			name = "Supporting Files";
			sourceTree = "<group>";
		};
		E12A0D391A217D6300C0C366 /* Controller */ = {
			isa = PBXGroup;
			children = (
				E12A0D3A1A217D6300C0C366 /* AZAppController.h */,
				E12A0D3B1A217D6300C0C366 /* AZAppController.m */,
				E12A0D3C1A217D6300C0C366 /* AZPreferenceWindowController.h */,
				E12A0D3D1A217D6300C0C366 /* AZPreferenceWindowController.m */,
				B2DBC5AA1CC0CF0D00FBF3A2 /* AZPreferenceWindowController.xib */,
				E12A0D3E1A217D6300C0C366 /* AZPrefsWindowController.h */,
				E12A0D3F1A217D6300C0C366 /* AZPrefsWindowController.m */,
			);
			path = Controller;
			sourceTree = "<group>";
		};
		E12A0D401A217D6300C0C366 /* Helper */ = {
			isa = PBXGroup;
			children = (
				E12A0D411A217D6300C0C366 /* AZAppsManager.h */,
				E12A0D421A217D6300C0C366 /* AZAppsManager.m */,
				E12A0D431A217D6300C0C366 /* AZHotKeyManager.h */,
				E12A0D441A217D6300C0C366 /* AZHotKeyManager.m */,
				E12A0D451A217D6300C0C366 /* AZResourceManager.h */,
				E12A0D461A217D6300C0C366 /* AZResourceManager.m */,
				E12A0D471A217D6300C0C366 /* NSView+Addition.h */,
				E12A0D481A217D6300C0C366 /* NSView+Addition.m */,
			);
			path = Helper;
			sourceTree = "<group>";
		};
		E12A0D491A217D6300C0C366 /* Macro */ = {
			isa = PBXGroup;
			children = (
				E12A0D4A1A217D6300C0C366 /* AppMacro.h */,
				E12A0D4B1A217D6300C0C366 /* UtilsMacro.h */,
				E12A0D4C1A217D6300C0C366 /* VendorMacro.h */,
			);
			path = Macro;
			sourceTree = "<group>";
		};
		E12A0D4D1A217D6300C0C366 /* Model */ = {
			isa = PBXGroup;
			children = (
				E12A0D4E1A217D6300C0C366 /* AZAppModel.h */,
				E12A0D4F1A217D6300C0C366 /* AZAppModel.m */,
			);
			path = Model;
			sourceTree = "<group>";
		};
		E12A0D501A217D6300C0C366 /* Resources */ = {
			isa = PBXGroup;
			children = (
				E12A0D511A217D6300C0C366 /* img */,
			);
			path = Resources;
			sourceTree = "<group>";
		};
		E12A0D511A217D6300C0C366 /* img */ = {
			isa = PBXGroup;
			children = (
				E12A0D521A217D6300C0C366 /* Advanced.png */,
				E12A0D531A217D6300C0C366 /* General.png */,
				E12A0D541A217D6300C0C366 /* Updates.tiff */,
			);
			path = img;
			sourceTree = "<group>";
		};
		E12A0D551A217D6300C0C366 /* Vendor */ = {
			isa = PBXGroup;
			children = (
			);
			path = Vendor;
			sourceTree = "<group>";
		};
		E12A0D561A217D6300C0C366 /* View */ = {
			isa = PBXGroup;
			children = (
				E12A0D571A217D6300C0C366 /* AZAboutView.h */,
				E12A0D581A217D6300C0C366 /* AZAboutView.m */,
				E12A0D591A217D6300C0C366 /* AZAppIconView.h */,
				E12A0D5A1A217D6300C0C366 /* AZAppIconView.m */,
				E12A0D5B1A217D6300C0C366 /* AZAppsSelectionView.h */,
				E12A0D5C1A217D6300C0C366 /* AZAppsSelectionView.m */,
				E12A0D5D1A217D6300C0C366 /* AZConfigView.h */,
				E12A0D5E1A217D6300C0C366 /* AZConfigView.m */,
				E12A0D6E1A217DCE00C0C366 /* AZAppsSwitchWindow.h */,
				E12A0D6F1A217DCE00C0C366 /* AZAppsSwitchWindow.m */,
				E1AFBA6F1A2E096E003F283C /* AZAppsListView.h */,
				E1AFBA701A2E096E003F283C /* AZAppsListView.m */,
			);
			path = View;
			sourceTree = "<group>";
		};
/* End PBXGroup section */

/* Begin PBXNativeTarget section */
		E12A0D101A217BE200C0C366 /* Thor */ = {
			isa = PBXNativeTarget;
			buildConfigurationList = E12A0D311A217BE200C0C366 /* Build configuration list for PBXNativeTarget "Thor" */;
			buildPhases = (
				C39A1AB11C524412E1D470B1 /* Check Pods Manifest.lock */,
				E12A0D0D1A217BE200C0C366 /* Sources */,
				E12A0D0E1A217BE200C0C366 /* Frameworks */,
				E12A0D0F1A217BE200C0C366 /* Resources */,
				E12A0D371A217BF900C0C366 /* ShellScript */,
				E12A0D381A217C0600C0C366 /* ShellScript */,
				BD737277149ACB02B4797EC5 /* Copy Pods Resources */,
				40B1F9A92039CD248E0795D0 /* Embed Pods Frameworks */,
			);
			buildRules = (
			);
			dependencies = (
			);
			name = Thor;
			productName = Thor;
			productReference = E12A0D111A217BE200C0C366 /* Thor.app */;
			productType = "com.apple.product-type.application";
		};
		E12A0D261A217BE200C0C366 /* ThorTests */ = {
			isa = PBXNativeTarget;
			buildConfigurationList = E12A0D341A217BE200C0C366 /* Build configuration list for PBXNativeTarget "ThorTests" */;
			buildPhases = (
				E12A0D231A217BE200C0C366 /* Sources */,
				E12A0D241A217BE200C0C366 /* Frameworks */,
				E12A0D251A217BE200C0C366 /* Resources */,
			);
			buildRules = (
			);
			dependencies = (
				E12A0D291A217BE200C0C366 /* PBXTargetDependency */,
			);
			name = ThorTests;
			productName = ThorTests;
			productReference = E12A0D271A217BE200C0C366 /* ThorTests.xctest */;
			productType = "com.apple.product-type.bundle.unit-test";
		};
/* End PBXNativeTarget section */

/* Begin PBXProject section */
		E12A0D091A217BE200C0C366 /* Project object */ = {
			isa = PBXProject;
			attributes = {
				LastUpgradeCheck = 0610;
				ORGANIZATIONNAME = AlvinZhu;
				TargetAttributes = {
					E12A0D101A217BE200C0C366 = {
						CreatedOnToolsVersion = 6.1;
					};
					E12A0D261A217BE200C0C366 = {
						CreatedOnToolsVersion = 6.1;
						TestTargetID = E12A0D101A217BE200C0C366;
					};
				};
			};
			buildConfigurationList = E12A0D0C1A217BE200C0C366 /* Build configuration list for PBXProject "Thor" */;
			compatibilityVersion = "Xcode 3.2";
			developmentRegion = English;
			hasScannedForEncodings = 0;
			knownRegions = (
				en,
				Base,
				"zh-Hans",
			);
			mainGroup = E12A0D081A217BE200C0C366;
			productRefGroup = E12A0D121A217BE200C0C366 /* Products */;
			projectDirPath = "";
			projectRoot = "";
			targets = (
				E12A0D101A217BE200C0C366 /* Thor */,
				E12A0D261A217BE200C0C366 /* ThorTests */,
			);
		};
/* End PBXProject section */

/* Begin PBXResourcesBuildPhase section */
		E12A0D0F1A217BE200C0C366 /* Resources */ = {
			isa = PBXResourcesBuildPhase;
			buildActionMask = 2147483647;
			files = (
				E12A0D681A217D6300C0C366 /* General.png in Resources */,
				E12A0D691A217D6300C0C366 /* Updates.tiff in Resources */,
				E12A0D671A217D6300C0C366 /* Advanced.png in Resources */,
				E12A0D1F1A217BE200C0C366 /* Images.xcassets in Resources */,
				B2DBC5A81CC0CF0D00FBF3A2 /* AZPreferenceWindowController.xib in Resources */,
				E192A34B1A2CAF230068BE3F /* MainMenu.xib in Resources */,
			);
			runOnlyForDeploymentPostprocessing = 0;
		};
		E12A0D251A217BE200C0C366 /* Resources */ = {
			isa = PBXResourcesBuildPhase;
			buildActionMask = 2147483647;
			files = (
			);
			runOnlyForDeploymentPostprocessing = 0;
		};
/* End PBXResourcesBuildPhase section */

/* Begin PBXShellScriptBuildPhase section */
		40B1F9A92039CD248E0795D0 /* Embed Pods Frameworks */ = {
			isa = PBXShellScriptBuildPhase;
			buildActionMask = 2147483647;
			files = (
			);
			inputPaths = (
			);
			name = "Embed Pods Frameworks";
			outputPaths = (
			);
			runOnlyForDeploymentPostprocessing = 0;
			shellPath = /bin/sh;
			shellScript = "\"${SRCROOT}/Pods/Target Support Files/Pods-Thor/Pods-Thor-frameworks.sh\"\n";
			showEnvVarsInLog = 0;
		};
		BD737277149ACB02B4797EC5 /* Copy Pods Resources */ = {
			isa = PBXShellScriptBuildPhase;
			buildActionMask = 2147483647;
			files = (
			);
			inputPaths = (
			);
			name = "Copy Pods Resources";
			outputPaths = (
			);
			runOnlyForDeploymentPostprocessing = 0;
			shellPath = /bin/sh;
			shellScript = "\"${SRCROOT}/Pods/Target Support Files/Pods-Thor/Pods-Thor-resources.sh\"\n";
			showEnvVarsInLog = 0;
		};
		C39A1AB11C524412E1D470B1 /* Check Pods Manifest.lock */ = {
			isa = PBXShellScriptBuildPhase;
			buildActionMask = 2147483647;
			files = (
			);
			inputPaths = (
			);
			name = "Check Pods Manifest.lock";
			outputPaths = (
			);
			runOnlyForDeploymentPostprocessing = 0;
			shellPath = /bin/sh;
			shellScript = "diff \"${PODS_ROOT}/../Podfile.lock\" \"${PODS_ROOT}/Manifest.lock\" > /dev/null\nif [[ $? != 0 ]] ; then\n    cat << EOM\nerror: The sandbox is not in sync with the Podfile.lock. Run 'pod install' or update your CocoaPods installation.\nEOM\n    exit 1\nfi\n";
			showEnvVarsInLog = 0;
		};
		E12A0D371A217BF900C0C366 /* ShellScript */ = {
			isa = PBXShellScriptBuildPhase;
			buildActionMask = 8;
			files = (
			);
			inputPaths = (
			);
			outputPaths = (
			);
			runOnlyForDeploymentPostprocessing = 1;
			shellPath = /bin/sh;
			shellScript = "buildNumber=$(/usr/libexec/PlistBuddy -c \"Print CFBundleVersion\" \"${PROJECT_DIR}/${INFOPLIST_FILE}\")\nbuildNumber=$(($buildNumber + 1))\n/usr/libexec/PlistBuddy -c \"Set :CFBundleVersion $buildNumber\" \"${PROJECT_DIR}/${INFOPLIST_FILE}\"\n";
		};
		E12A0D381A217C0600C0C366 /* ShellScript */ = {
			isa = PBXShellScriptBuildPhase;
			buildActionMask = 8;
			files = (
			);
			inputPaths = (
			);
			outputPaths = (
			);
			runOnlyForDeploymentPostprocessing = 1;
			shellPath = /bin/sh;
			shellScript = "VERSIONNUM=$(/usr/libexec/PlistBuddy -c \"Print CFBundleShortVersionString\" \"${PROJECT_DIR}/${INFOPLIST_FILE}\")\nNEWSUBVERSION=`echo $VERSIONNUM | awk -F \".\" '{print $3}'`\nNEWSUBVERSION=$(($NEWSUBVERSION + 1))\nNEWVERSIONSTRING=`echo $VERSIONNUM | awk -F \".\" '{print $1 \".\" $2 \".'$NEWSUBVERSION'\" }'`\n/usr/libexec/PlistBuddy -c \"Set :CFBundleShortVersionString $NEWVERSIONSTRING\" \"${PROJECT_DIR}/${INFOPLIST_FILE}\"";
		};
/* End PBXShellScriptBuildPhase section */

/* Begin PBXSourcesBuildPhase section */
		E12A0D0D1A217BE200C0C366 /* Sources */ = {
			isa = PBXSourcesBuildPhase;
			buildActionMask = 2147483647;
			files = (
				E12A0D6D1A217D6300C0C366 /* AZConfigView.m in Sources */,
				E1AFBA711A2E096E003F283C /* AZAppsListView.m in Sources */,
				E12A0D6B1A217D6300C0C366 /* AZAppIconView.m in Sources */,
				E12A0D5F1A217D6300C0C366 /* AZAppController.m in Sources */,
				E12A0D701A217DCE00C0C366 /* AZAppsSwitchWindow.m in Sources */,
				E12A0D6A1A217D6300C0C366 /* AZAboutView.m in Sources */,
				E12A0D661A217D6300C0C366 /* AZAppModel.m in Sources */,
				E12A0D6C1A217D6300C0C366 /* AZAppsSelectionView.m in Sources */,
				E12A0D1A1A217BE200C0C366 /* main.m in Sources */,
				E12A0D651A217D6300C0C366 /* NSView+Addition.m in Sources */,
				E12A0D621A217D6300C0C366 /* AZAppsManager.m in Sources */,
				E12A0D611A217D6300C0C366 /* AZPrefsWindowController.m in Sources */,
				E12A0D601A217D6300C0C366 /* AZPreferenceWindowController.m in Sources */,
				E12A0D631A217D6300C0C366 /* AZHotKeyManager.m in Sources */,
				E12A0D641A217D6300C0C366 /* AZResourceManager.m in Sources */,
				E12A0D181A217BE200C0C366 /* AppDelegate.m in Sources */,
			);
			runOnlyForDeploymentPostprocessing = 0;
		};
		E12A0D231A217BE200C0C366 /* Sources */ = {
			isa = PBXSourcesBuildPhase;
			buildActionMask = 2147483647;
			files = (
				E12A0D2E1A217BE200C0C366 /* ThorTests.m in Sources */,
			);
			runOnlyForDeploymentPostprocessing = 0;
		};
/* End PBXSourcesBuildPhase section */

/* Begin PBXTargetDependency section */
		E12A0D291A217BE200C0C366 /* PBXTargetDependency */ = {
			isa = PBXTargetDependency;
			target = E12A0D101A217BE200C0C366 /* Thor */;
			targetProxy = E12A0D281A217BE200C0C366 /* PBXContainerItemProxy */;
		};
/* End PBXTargetDependency section */

/* Begin PBXVariantGroup section */
		B2DBC5AA1CC0CF0D00FBF3A2 /* AZPreferenceWindowController.xib */ = {
			isa = PBXVariantGroup;
			children = (
				B2DBC5A91CC0CF0D00FBF3A2 /* en */,
				B2DBC5AB1CC0CF7300FBF3A2 /* zh-Hans */,
			);
			name = AZPreferenceWindowController.xib;
			sourceTree = "<group>";
		};
/* End PBXVariantGroup section */

/* Begin XCBuildConfiguration section */
		E12A0D2F1A217BE200C0C366 /* Debug */ = {
			isa = XCBuildConfiguration;
			buildSettings = {
				ALWAYS_SEARCH_USER_PATHS = NO;
				CLANG_CXX_LANGUAGE_STANDARD = "gnu++0x";
				CLANG_CXX_LIBRARY = "libc++";
				CLANG_ENABLE_MODULES = YES;
				CLANG_ENABLE_OBJC_ARC = YES;
				CLANG_WARN_BOOL_CONVERSION = YES;
				CLANG_WARN_CONSTANT_CONVERSION = YES;
				CLANG_WARN_DIRECT_OBJC_ISA_USAGE = YES_ERROR;
				CLANG_WARN_EMPTY_BODY = YES;
				CLANG_WARN_ENUM_CONVERSION = YES;
				CLANG_WARN_INT_CONVERSION = YES;
				CLANG_WARN_OBJC_ROOT_CLASS = YES_ERROR;
				CLANG_WARN_UNREACHABLE_CODE = YES;
				CLANG_WARN__DUPLICATE_METHOD_MATCH = YES;
				CODE_SIGN_IDENTITY = "-";
				COPY_PHASE_STRIP = NO;
				ENABLE_STRICT_OBJC_MSGSEND = YES;
				GCC_C_LANGUAGE_STANDARD = gnu99;
				GCC_DYNAMIC_NO_PIC = NO;
				GCC_OPTIMIZATION_LEVEL = 0;
				GCC_PREPROCESSOR_DEFINITIONS = (
					"DEBUG=1",
					"$(inherited)",
				);
				GCC_SYMBOLS_PRIVATE_EXTERN = NO;
				GCC_WARN_64_TO_32_BIT_CONVERSION = YES;
				GCC_WARN_ABOUT_RETURN_TYPE = YES_ERROR;
				GCC_WARN_UNDECLARED_SELECTOR = YES;
				GCC_WARN_UNINITIALIZED_AUTOS = YES_AGGRESSIVE;
				GCC_WARN_UNUSED_FUNCTION = YES;
				GCC_WARN_UNUSED_VARIABLE = YES;
				MACOSX_DEPLOYMENT_TARGET = 10.10;
				MTL_ENABLE_DEBUG_INFO = YES;
				ONLY_ACTIVE_ARCH = YES;
				SDKROOT = macosx;
			};
			name = Debug;
		};
		E12A0D301A217BE200C0C366 /* Release */ = {
			isa = XCBuildConfiguration;
			buildSettings = {
				ALWAYS_SEARCH_USER_PATHS = NO;
				CLANG_CXX_LANGUAGE_STANDARD = "gnu++0x";
				CLANG_CXX_LIBRARY = "libc++";
				CLANG_ENABLE_MODULES = YES;
				CLANG_ENABLE_OBJC_ARC = YES;
				CLANG_WARN_BOOL_CONVERSION = YES;
				CLANG_WARN_CONSTANT_CONVERSION = YES;
				CLANG_WARN_DIRECT_OBJC_ISA_USAGE = YES_ERROR;
				CLANG_WARN_EMPTY_BODY = YES;
				CLANG_WARN_ENUM_CONVERSION = YES;
				CLANG_WARN_INT_CONVERSION = YES;
				CLANG_WARN_OBJC_ROOT_CLASS = YES_ERROR;
				CLANG_WARN_UNREACHABLE_CODE = YES;
				CLANG_WARN__DUPLICATE_METHOD_MATCH = YES;
				CODE_SIGN_IDENTITY = "-";
				COPY_PHASE_STRIP = YES;
				DEBUG_INFORMATION_FORMAT = "dwarf-with-dsym";
				ENABLE_NS_ASSERTIONS = NO;
				ENABLE_STRICT_OBJC_MSGSEND = YES;
				GCC_C_LANGUAGE_STANDARD = gnu99;
				GCC_WARN_64_TO_32_BIT_CONVERSION = YES;
				GCC_WARN_ABOUT_RETURN_TYPE = YES_ERROR;
				GCC_WARN_UNDECLARED_SELECTOR = YES;
				GCC_WARN_UNINITIALIZED_AUTOS = YES_AGGRESSIVE;
				GCC_WARN_UNUSED_FUNCTION = YES;
				GCC_WARN_UNUSED_VARIABLE = YES;
				MACOSX_DEPLOYMENT_TARGET = 10.10;
				MTL_ENABLE_DEBUG_INFO = NO;
				SDKROOT = macosx;
			};
			name = Release;
		};
		E12A0D321A217BE200C0C366 /* Debug */ = {
			isa = XCBuildConfiguration;
			baseConfigurationReference = 570A3E20716E79E5D9A01CCF /* Pods-Thor.debug.xcconfig */;
			buildSettings = {
				ASSETCATALOG_COMPILER_APPICON_NAME = AppIcon;
				COMBINE_HIDPI_IMAGES = YES;
				GCC_PREFIX_HEADER = "Thor/Thor-Prefix.pch";
				INFOPLIST_FILE = Thor/Info.plist;
				LD_RUNPATH_SEARCH_PATHS = "$(inherited) @executable_path/../Frameworks";
				PRODUCT_NAME = "$(TARGET_NAME)";
			};
			name = Debug;
		};
		E12A0D331A217BE200C0C366 /* Release */ = {
			isa = XCBuildConfiguration;
			baseConfigurationReference = 5CC7ECE03F9F76B403FB5676 /* Pods-Thor.release.xcconfig */;
			buildSettings = {
				ASSETCATALOG_COMPILER_APPICON_NAME = AppIcon;
				COMBINE_HIDPI_IMAGES = YES;
				GCC_PREFIX_HEADER = "Thor/Thor-Prefix.pch";
				INFOPLIST_FILE = Thor/Info.plist;
				LD_RUNPATH_SEARCH_PATHS = "$(inherited) @executable_path/../Frameworks";
				PRODUCT_NAME = "$(TARGET_NAME)";
			};
			name = Release;
		};
		E12A0D351A217BE200C0C366 /* Debug */ = {
			isa = XCBuildConfiguration;
			buildSettings = {
				BUNDLE_LOADER = "$(TEST_HOST)";
				COMBINE_HIDPI_IMAGES = YES;
				FRAMEWORK_SEARCH_PATHS = (
					"$(DEVELOPER_FRAMEWORKS_DIR)",
					"$(inherited)",
				);
				GCC_PREPROCESSOR_DEFINITIONS = (
					"DEBUG=1",
					"$(inherited)",
				);
				INFOPLIST_FILE = ThorTests/Info.plist;
				LD_RUNPATH_SEARCH_PATHS = "$(inherited) @executable_path/../Frameworks @loader_path/../Frameworks";
				PRODUCT_NAME = "$(TARGET_NAME)";
				TEST_HOST = "$(BUILT_PRODUCTS_DIR)/Thor.app/Contents/MacOS/Thor";
			};
			name = Debug;
		};
		E12A0D361A217BE200C0C366 /* Release */ = {
			isa = XCBuildConfiguration;
			buildSettings = {
				BUNDLE_LOADER = "$(TEST_HOST)";
				COMBINE_HIDPI_IMAGES = YES;
				FRAMEWORK_SEARCH_PATHS = (
					"$(DEVELOPER_FRAMEWORKS_DIR)",
					"$(inherited)",
				);
				INFOPLIST_FILE = ThorTests/Info.plist;
				LD_RUNPATH_SEARCH_PATHS = "$(inherited) @executable_path/../Frameworks @loader_path/../Frameworks";
				PRODUCT_NAME = "$(TARGET_NAME)";
				TEST_HOST = "$(BUILT_PRODUCTS_DIR)/Thor.app/Contents/MacOS/Thor";
			};
			name = Release;
		};
/* End XCBuildConfiguration section */

/* Begin XCConfigurationList section */
		E12A0D0C1A217BE200C0C366 /* Build configuration list for PBXProject "Thor" */ = {
			isa = XCConfigurationList;
			buildConfigurations = (
				E12A0D2F1A217BE200C0C366 /* Debug */,
				E12A0D301A217BE200C0C366 /* Release */,
			);
			defaultConfigurationIsVisible = 0;
			defaultConfigurationName = Release;
		};
		E12A0D311A217BE200C0C366 /* Build configuration list for PBXNativeTarget "Thor" */ = {
			isa = XCConfigurationList;
			buildConfigurations = (
				E12A0D321A217BE200C0C366 /* Debug */,
				E12A0D331A217BE200C0C366 /* Release */,
			);
			defaultConfigurationIsVisible = 0;
			defaultConfigurationName = Release;
		};
		E12A0D341A217BE200C0C366 /* Build configuration list for PBXNativeTarget "ThorTests" */ = {
			isa = XCConfigurationList;
			buildConfigurations = (
				E12A0D351A217BE200C0C366 /* Debug */,
				E12A0D361A217BE200C0C366 /* Release */,
			);
			defaultConfigurationIsVisible = 0;
			defaultConfigurationName = Release;
		};
/* End XCConfigurationList section */
	};
	rootObject = E12A0D091A217BE200C0C366 /* Project object */;
}
