<?xml version="1.0" encoding="UTF-8"?>
<!DOCTYPE plist PUBLIC "-//Apple//DTD PLIST 1.0//EN" "http://www.apple.com/DTDs/PropertyList-1.0.dtd">
<plist version="1.0">
<dict>
	<key>archiveVersion</key>
	<string>1</string>
	<key>classes</key>
	<dict/>
	<key>objectVersion</key>
	<string>46</string>
	<key>objects</key>
	<dict>
		<key>0B640319EC3D1AB46337CDF0</key>
		<dict>
			<key>children</key>
			<array>
				<string>69D028EE5B61D17B8ECCDF02</string>
			</array>
			<key>isa</key>
			<string>PBXGroup</string>
			<key>name</key>
			<string>Frameworks</string>
			<key>sourceTree</key>
			<string>&lt;group&gt;</string>
		</dict>
		<key>570A3E20716E79E5D9A01CCF</key>
		<dict>
			<key>includeInIndex</key>
			<string>1</string>
			<key>isa</key>
			<string>PBXFileReference</string>
			<key>lastKnownFileType</key>
			<string>text.xcconfig</string>
			<key>name</key>
			<string>Pods-Thor.debug.xcconfig</string>
			<key>path</key>
			<string>Pods/Target Support Files/Pods-Thor/Pods-Thor.debug.xcconfig</string>
			<key>sourceTree</key>
			<string>&lt;group&gt;</string>
		</dict>
		<key>5CC7ECE03F9F76B403FB5676</key>
		<dict>
			<key>includeInIndex</key>
			<string>1</string>
			<key>isa</key>
			<string>PBXFileReference</string>
			<key>lastKnownFileType</key>
			<string>text.xcconfig</string>
			<key>name</key>
			<string>Pods-Thor.release.xcconfig</string>
			<key>path</key>
			<string>Pods/Target Support Files/Pods-Thor/Pods-Thor.release.xcconfig</string>
			<key>sourceTree</key>
			<string>&lt;group&gt;</string>
		</dict>
		<key>69D028EE5B61D17B8ECCDF02</key>
		<dict>
			<key>explicitFileType</key>
			<string>archive.ar</string>
			<key>includeInIndex</key>
			<string>0</string>
			<key>isa</key>
			<string>PBXFileReference</string>
			<key>path</key>
			<string>libPods-Thor.a</string>
			<key>sourceTree</key>
			<string>BUILT_PRODUCTS_DIR</string>
		</dict>
		<key>7084B450BEAC1162F0CBA80E</key>
		<dict>
			<key>children</key>
			<array>
				<string>570A3E20716E79E5D9A01CCF</string>
				<string>5CC7ECE03F9F76B403FB5676</string>
			</array>
			<key>isa</key>
			<string>PBXGroup</string>
			<key>name</key>
			<string>Pods</string>
			<key>sourceTree</key>
			<string>&lt;group&gt;</string>
		</dict>
		<key>BD737277149ACB02B4797EC5</key>
		<dict>
			<key>buildActionMask</key>
			<string>2147483647</string>
			<key>files</key>
			<array/>
			<key>inputPaths</key>
			<array/>
			<key>isa</key>
			<string>PBXShellScriptBuildPhase</string>
			<key>name</key>
			<string>Copy Pods Resources</string>
			<key>outputPaths</key>
			<array/>
			<key>runOnlyForDeploymentPostprocessing</key>
			<string>0</string>
			<key>shellPath</key>
			<string>/bin/sh</string>
			<key>shellScript</key>
			<string>"${SRCROOT}/Pods/Target Support Files/Pods-Thor/Pods-Thor-resources.sh"
</string>
			<key>showEnvVarsInLog</key>
			<string>0</string>
		</dict>
		<key>C39A1AB11C524412E1D470B1</key>
		<dict>
			<key>buildActionMask</key>
			<string>2147483647</string>
			<key>files</key>
			<array/>
			<key>inputPaths</key>
			<array/>
			<key>isa</key>
			<string>PBXShellScriptBuildPhase</string>
			<key>name</key>
			<string>Check Pods Manifest.lock</string>
			<key>outputPaths</key>
			<array/>
			<key>runOnlyForDeploymentPostprocessing</key>
			<string>0</string>
			<key>shellPath</key>
			<string>/bin/sh</string>
			<key>shellScript</key>
			<string>diff "${PODS_ROOT}/../Podfile.lock" "${PODS_ROOT}/Manifest.lock" &gt; /dev/null
if [[ $? != 0 ]] ; then
    cat &lt;&lt; EOM
error: The sandbox is not in sync with the Podfile.lock. Run 'pod install' or update your CocoaPods installation.
EOM
    exit 1
fi
</string>
			<key>showEnvVarsInLog</key>
			<string>0</string>
		</dict>
		<key>C609951399DB843FBAA2A366</key>
		<dict>
			<key>fileRef</key>
			<string>69D028EE5B61D17B8ECCDF02</string>
			<key>isa</key>
			<string>PBXBuildFile</string>
		</dict>
		<key>E12A0D081A217BE200C0C366</key>
		<dict>
			<key>children</key>
			<array>
				<string>E12A0D131A217BE200C0C366</string>
				<string>E12A0D2A1A217BE200C0C366</string>
				<string>E12A0D121A217BE200C0C366</string>
				<string>7084B450BEAC1162F0CBA80E</string>
				<string>0B640319EC3D1AB46337CDF0</string>
			</array>
			<key>isa</key>
			<string>PBXGroup</string>
			<key>sourceTree</key>
			<string>&lt;group&gt;</string>
		</dict>
		<key>E12A0D091A217BE200C0C366</key>
		<dict>
			<key>attributes</key>
			<dict>
				<key>LastUpgradeCheck</key>
				<string>0610</string>
				<key>ORGANIZATIONNAME</key>
				<string>AlvinZhu</string>
				<key>TargetAttributes</key>
				<dict>
					<key>E12A0D101A217BE200C0C366</key>
					<dict>
						<key>CreatedOnToolsVersion</key>
						<string>6.1</string>
					</dict>
					<key>E12A0D261A217BE200C0C366</key>
					<dict>
						<key>CreatedOnToolsVersion</key>
						<string>6.1</string>
						<key>TestTargetID</key>
						<string>E12A0D101A217BE200C0C366</string>
					</dict>
				</dict>
			</dict>
			<key>buildConfigurationList</key>
			<string>E12A0D0C1A217BE200C0C366</string>
			<key>compatibilityVersion</key>
			<string>Xcode 3.2</string>
			<key>developmentRegion</key>
			<string>English</string>
			<key>hasScannedForEncodings</key>
			<string>0</string>
			<key>isa</key>
			<string>PBXProject</string>
			<key>knownRegions</key>
			<array>
				<string>en</string>
				<string>Base</string>
			</array>
			<key>mainGroup</key>
			<string>E12A0D081A217BE200C0C366</string>
			<key>productRefGroup</key>
			<string>E12A0D121A217BE200C0C366</string>
			<key>projectDirPath</key>
			<string></string>
			<key>projectReferences</key>
			<array/>
			<key>projectRoot</key>
			<string></string>
			<key>targets</key>
			<array>
				<string>E12A0D101A217BE200C0C366</string>
				<string>E12A0D261A217BE200C0C366</string>
			</array>
		</dict>
		<key>E12A0D0C1A217BE200C0C366</key>
		<dict>
			<key>buildConfigurations</key>
			<array>
				<string>E12A0D2F1A217BE200C0C366</string>
				<string>E12A0D301A217BE200C0C366</string>
			</array>
			<key>defaultConfigurationIsVisible</key>
			<string>0</string>
			<key>defaultConfigurationName</key>
			<string>Release</string>
			<key>isa</key>
			<string>XCConfigurationList</string>
		</dict>
		<key>E12A0D0D1A217BE200C0C366</key>
		<dict>
			<key>buildActionMask</key>
			<string>2147483647</string>
			<key>files</key>
			<array>
				<string>E12A0D6D1A217D6300C0C366</string>
				<string>E12A0D6B1A217D6300C0C366</string>
				<string>E12A0D5F1A217D6300C0C366</string>
				<string>E12A0D701A217DCE00C0C366</string>
				<string>E12A0D6A1A217D6300C0C366</string>
				<string>E12A0D661A217D6300C0C366</string>
				<string>E12A0D6C1A217D6300C0C366</string>
				<string>E12A0D1A1A217BE200C0C366</string>
				<string>E12A0D651A217D6300C0C366</string>
				<string>E12A0D621A217D6300C0C366</string>
				<string>E12A0D611A217D6300C0C366</string>
				<string>E12A0D601A217D6300C0C366</string>
				<string>E12A0D631A217D6300C0C366</string>
				<string>E12A0D641A217D6300C0C366</string>
				<string>E12A0D181A217BE200C0C366</string>
			</array>
			<key>isa</key>
			<string>PBXSourcesBuildPhase</string>
			<key>runOnlyForDeploymentPostprocessing</key>
			<string>0</string>
		</dict>
		<key>E12A0D0E1A217BE200C0C366</key>
		<dict>
			<key>buildActionMask</key>
			<string>2147483647</string>
			<key>files</key>
			<array>
				<string>C609951399DB843FBAA2A366</string>
			</array>
			<key>isa</key>
			<string>PBXFrameworksBuildPhase</string>
			<key>runOnlyForDeploymentPostprocessing</key>
			<string>0</string>
		</dict>
		<key>E12A0D0F1A217BE200C0C366</key>
		<dict>
			<key>buildActionMask</key>
			<string>2147483647</string>
			<key>files</key>
			<array>
				<string>E12A0D681A217D6300C0C366</string>
				<string>E12A0D691A217D6300C0C366</string>
				<string>E12A0D671A217D6300C0C366</string>
				<string>E12A0D1F1A217BE200C0C366</string>
				<string>E12A0D221A217BE200C0C366</string>
			</array>
			<key>isa</key>
			<string>PBXResourcesBuildPhase</string>
			<key>runOnlyForDeploymentPostprocessing</key>
			<string>0</string>
		</dict>
		<key>E12A0D101A217BE200C0C366</key>
		<dict>
			<key>buildConfigurationList</key>
			<string>E12A0D311A217BE200C0C366</string>
			<key>buildPhases</key>
			<array>
				<string>C39A1AB11C524412E1D470B1</string>
				<string>E12A0D0D1A217BE200C0C366</string>
				<string>E12A0D0E1A217BE200C0C366</string>
				<string>E12A0D0F1A217BE200C0C366</string>
				<string>E12A0D371A217BF900C0C366</string>
				<string>E12A0D381A217C0600C0C366</string>
				<string>BD737277149ACB02B4797EC5</string>
			</array>
			<key>buildRules</key>
			<array/>
			<key>dependencies</key>
			<array/>
			<key>isa</key>
			<string>PBXNativeTarget</string>
			<key>name</key>
			<string>Thor</string>
			<key>productName</key>
			<string>Thor</string>
			<key>productReference</key>
			<string>E12A0D111A217BE200C0C366</string>
			<key>productType</key>
			<string>com.apple.product-type.application</string>
		</dict>
		<key>E12A0D111A217BE200C0C366</key>
		<dict>
			<key>explicitFileType</key>
			<string>wrapper.application</string>
			<key>includeInIndex</key>
			<string>0</string>
			<key>isa</key>
			<string>PBXFileReference</string>
			<key>path</key>
			<string>Thor.app</string>
			<key>sourceTree</key>
			<string>BUILT_PRODUCTS_DIR</string>
		</dict>
		<key>E12A0D121A217BE200C0C366</key>
		<dict>
			<key>children</key>
			<array>
				<string>E12A0D111A217BE200C0C366</string>
				<string>E12A0D271A217BE200C0C366</string>
			</array>
			<key>isa</key>
			<string>PBXGroup</string>
			<key>name</key>
			<string>Products</string>
			<key>sourceTree</key>
			<string>&lt;group&gt;</string>
		</dict>
		<key>E12A0D131A217BE200C0C366</key>
		<dict>
			<key>children</key>
			<array>
				<string>E12A0D161A217BE200C0C366</string>
				<string>E12A0D171A217BE200C0C366</string>
				<string>E12A0D391A217D6300C0C366</string>
				<string>E12A0D401A217D6300C0C366</string>
				<string>E12A0D491A217D6300C0C366</string>
				<string>E12A0D4D1A217D6300C0C366</string>
				<string>E12A0D501A217D6300C0C366</string>
				<string>E12A0D551A217D6300C0C366</string>
				<string>E12A0D561A217D6300C0C366</string>
				<string>E12A0D1E1A217BE200C0C366</string>
				<string>E12A0D201A217BE200C0C366</string>
				<string>E12A0D141A217BE200C0C366</string>
			</array>
			<key>isa</key>
			<string>PBXGroup</string>
			<key>path</key>
			<string>Thor</string>
			<key>sourceTree</key>
			<string>&lt;group&gt;</string>
		</dict>
		<key>E12A0D141A217BE200C0C366</key>
		<dict>
			<key>children</key>
			<array>
				<string>E12A0D151A217BE200C0C366</string>
				<string>E12A0D191A217BE200C0C366</string>
			</array>
			<key>isa</key>
			<string>PBXGroup</string>
			<key>name</key>
			<string>Supporting Files</string>
			<key>sourceTree</key>
			<string>&lt;group&gt;</string>
		</dict>
		<key>E12A0D151A217BE200C0C366</key>
		<dict>
			<key>isa</key>
			<string>PBXFileReference</string>
			<key>lastKnownFileType</key>
			<string>text.plist.xml</string>
			<key>path</key>
			<string>Info.plist</string>
			<key>sourceTree</key>
			<string>&lt;group&gt;</string>
		</dict>
		<key>E12A0D161A217BE200C0C366</key>
		<dict>
			<key>isa</key>
			<string>PBXFileReference</string>
			<key>lastKnownFileType</key>
			<string>sourcecode.c.h</string>
			<key>path</key>
			<string>AppDelegate.h</string>
			<key>sourceTree</key>
			<string>&lt;group&gt;</string>
		</dict>
		<key>E12A0D171A217BE200C0C366</key>
		<dict>
			<key>isa</key>
			<string>PBXFileReference</string>
			<key>lastKnownFileType</key>
			<string>sourcecode.c.objc</string>
			<key>path</key>
			<string>AppDelegate.m</string>
			<key>sourceTree</key>
			<string>&lt;group&gt;</string>
		</dict>
		<key>E12A0D181A217BE200C0C366</key>
		<dict>
			<key>fileRef</key>
			<string>E12A0D171A217BE200C0C366</string>
			<key>isa</key>
			<string>PBXBuildFile</string>
		</dict>
		<key>E12A0D191A217BE200C0C366</key>
		<dict>
			<key>isa</key>
			<string>PBXFileReference</string>
			<key>lastKnownFileType</key>
			<string>sourcecode.c.objc</string>
			<key>path</key>
			<string>main.m</string>
			<key>sourceTree</key>
			<string>&lt;group&gt;</string>
		</dict>
		<key>E12A0D1A1A217BE200C0C366</key>
		<dict>
			<key>fileRef</key>
			<string>E12A0D191A217BE200C0C366</string>
			<key>isa</key>
			<string>PBXBuildFile</string>
		</dict>
		<key>E12A0D1E1A217BE200C0C366</key>
		<dict>
			<key>isa</key>
			<string>PBXFileReference</string>
			<key>lastKnownFileType</key>
			<string>folder.assetcatalog</string>
			<key>path</key>
			<string>Images.xcassets</string>
			<key>sourceTree</key>
			<string>&lt;group&gt;</string>
		</dict>
		<key>E12A0D1F1A217BE200C0C366</key>
		<dict>
			<key>fileRef</key>
			<string>E12A0D1E1A217BE200C0C366</string>
			<key>isa</key>
			<string>PBXBuildFile</string>
		</dict>
		<key>E12A0D201A217BE200C0C366</key>
		<dict>
			<key>children</key>
			<array>
				<string>E12A0D211A217BE200C0C366</string>
			</array>
			<key>isa</key>
			<string>PBXVariantGroup</string>
			<key>name</key>
			<string>Main.storyboard</string>
			<key>sourceTree</key>
			<string>&lt;group&gt;</string>
		</dict>
		<key>E12A0D211A217BE200C0C366</key>
		<dict>
			<key>isa</key>
			<string>PBXFileReference</string>
			<key>lastKnownFileType</key>
			<string>file.storyboard</string>
			<key>name</key>
			<string>Base</string>
			<key>path</key>
			<string>Base.lproj/Main.storyboard</string>
			<key>sourceTree</key>
			<string>&lt;group&gt;</string>
		</dict>
		<key>E12A0D221A217BE200C0C366</key>
		<dict>
			<key>fileRef</key>
			<string>E12A0D201A217BE200C0C366</string>
			<key>isa</key>
			<string>PBXBuildFile</string>
		</dict>
		<key>E12A0D231A217BE200C0C366</key>
		<dict>
			<key>buildActionMask</key>
			<string>2147483647</string>
			<key>files</key>
			<array>
				<string>E12A0D2E1A217BE200C0C366</string>
			</array>
			<key>isa</key>
			<string>PBXSourcesBuildPhase</string>
			<key>runOnlyForDeploymentPostprocessing</key>
			<string>0</string>
		</dict>
		<key>E12A0D241A217BE200C0C366</key>
		<dict>
			<key>buildActionMask</key>
			<string>2147483647</string>
			<key>files</key>
			<array/>
			<key>isa</key>
			<string>PBXFrameworksBuildPhase</string>
			<key>runOnlyForDeploymentPostprocessing</key>
			<string>0</string>
		</dict>
		<key>E12A0D251A217BE200C0C366</key>
		<dict>
			<key>buildActionMask</key>
			<string>2147483647</string>
			<key>files</key>
			<array/>
			<key>isa</key>
			<string>PBXResourcesBuildPhase</string>
			<key>runOnlyForDeploymentPostprocessing</key>
			<string>0</string>
		</dict>
		<key>E12A0D261A217BE200C0C366</key>
		<dict>
			<key>buildConfigurationList</key>
			<string>E12A0D341A217BE200C0C366</string>
			<key>buildPhases</key>
			<array>
				<string>E12A0D231A217BE200C0C366</string>
				<string>E12A0D241A217BE200C0C366</string>
				<string>E12A0D251A217BE200C0C366</string>
			</array>
			<key>buildRules</key>
			<array/>
			<key>dependencies</key>
			<array>
				<string>E12A0D291A217BE200C0C366</string>
			</array>
			<key>isa</key>
			<string>PBXNativeTarget</string>
			<key>name</key>
			<string>ThorTests</string>
			<key>productName</key>
			<string>ThorTests</string>
			<key>productReference</key>
			<string>E12A0D271A217BE200C0C366</string>
			<key>productType</key>
			<string>com.apple.product-type.bundle.unit-test</string>
		</dict>
		<key>E12A0D271A217BE200C0C366</key>
		<dict>
			<key>explicitFileType</key>
			<string>wrapper.cfbundle</string>
			<key>includeInIndex</key>
			<string>0</string>
			<key>isa</key>
			<string>PBXFileReference</string>
			<key>path</key>
			<string>ThorTests.xctest</string>
			<key>sourceTree</key>
			<string>BUILT_PRODUCTS_DIR</string>
		</dict>
		<key>E12A0D281A217BE200C0C366</key>
		<dict>
			<key>containerPortal</key>
			<string>E12A0D091A217BE200C0C366</string>
			<key>isa</key>
			<string>PBXContainerItemProxy</string>
			<key>proxyType</key>
			<string>1</string>
			<key>remoteGlobalIDString</key>
			<string>E12A0D101A217BE200C0C366</string>
			<key>remoteInfo</key>
			<string>Thor</string>
		</dict>
		<key>E12A0D291A217BE200C0C366</key>
		<dict>
			<key>isa</key>
			<string>PBXTargetDependency</string>
			<key>target</key>
			<string>E12A0D101A217BE200C0C366</string>
			<key>targetProxy</key>
			<string>E12A0D281A217BE200C0C366</string>
		</dict>
		<key>E12A0D2A1A217BE200C0C366</key>
		<dict>
			<key>children</key>
			<array>
				<string>E12A0D2D1A217BE200C0C366</string>
				<string>E12A0D2B1A217BE200C0C366</string>
			</array>
			<key>isa</key>
			<string>PBXGroup</string>
			<key>path</key>
			<string>ThorTests</string>
			<key>sourceTree</key>
			<string>&lt;group&gt;</string>
		</dict>
		<key>E12A0D2B1A217BE200C0C366</key>
		<dict>
			<key>children</key>
			<array>
				<string>E12A0D2C1A217BE200C0C366</string>
			</array>
			<key>isa</key>
			<string>PBXGroup</string>
			<key>name</key>
			<string>Supporting Files</string>
			<key>sourceTree</key>
			<string>&lt;group&gt;</string>
		</dict>
		<key>E12A0D2C1A217BE200C0C366</key>
		<dict>
			<key>isa</key>
			<string>PBXFileReference</string>
			<key>lastKnownFileType</key>
			<string>text.plist.xml</string>
			<key>path</key>
			<string>Info.plist</string>
			<key>sourceTree</key>
			<string>&lt;group&gt;</string>
		</dict>
		<key>E12A0D2D1A217BE200C0C366</key>
		<dict>
			<key>isa</key>
			<string>PBXFileReference</string>
			<key>lastKnownFileType</key>
			<string>sourcecode.c.objc</string>
			<key>path</key>
			<string>ThorTests.m</string>
			<key>sourceTree</key>
			<string>&lt;group&gt;</string>
		</dict>
		<key>E12A0D2E1A217BE200C0C366</key>
		<dict>
			<key>fileRef</key>
			<string>E12A0D2D1A217BE200C0C366</string>
			<key>isa</key>
			<string>PBXBuildFile</string>
		</dict>
		<key>E12A0D2F1A217BE200C0C366</key>
		<dict>
			<key>buildSettings</key>
			<dict>
				<key>ALWAYS_SEARCH_USER_PATHS</key>
				<string>NO</string>
				<key>CLANG_CXX_LANGUAGE_STANDARD</key>
				<string>gnu++0x</string>
				<key>CLANG_CXX_LIBRARY</key>
				<string>libc++</string>
				<key>CLANG_ENABLE_MODULES</key>
				<string>YES</string>
				<key>CLANG_ENABLE_OBJC_ARC</key>
				<string>YES</string>
				<key>CLANG_WARN_BOOL_CONVERSION</key>
				<string>YES</string>
				<key>CLANG_WARN_CONSTANT_CONVERSION</key>
				<string>YES</string>
				<key>CLANG_WARN_DIRECT_OBJC_ISA_USAGE</key>
				<string>YES_ERROR</string>
				<key>CLANG_WARN_EMPTY_BODY</key>
				<string>YES</string>
				<key>CLANG_WARN_ENUM_CONVERSION</key>
				<string>YES</string>
				<key>CLANG_WARN_INT_CONVERSION</key>
				<string>YES</string>
				<key>CLANG_WARN_OBJC_ROOT_CLASS</key>
				<string>YES_ERROR</string>
				<key>CLANG_WARN_UNREACHABLE_CODE</key>
				<string>YES</string>
				<key>CLANG_WARN__DUPLICATE_METHOD_MATCH</key>
				<string>YES</string>
				<key>CODE_SIGN_IDENTITY</key>
				<string>-</string>
				<key>COPY_PHASE_STRIP</key>
				<string>NO</string>
				<key>ENABLE_STRICT_OBJC_MSGSEND</key>
				<string>YES</string>
				<key>GCC_C_LANGUAGE_STANDARD</key>
				<string>gnu99</string>
				<key>GCC_DYNAMIC_NO_PIC</key>
				<string>NO</string>
				<key>GCC_OPTIMIZATION_LEVEL</key>
				<string>0</string>
				<key>GCC_PREPROCESSOR_DEFINITIONS</key>
				<array>
					<string>DEBUG=1</string>
					<string>$(inherited)</string>
				</array>
				<key>GCC_SYMBOLS_PRIVATE_EXTERN</key>
				<string>NO</string>
				<key>GCC_WARN_64_TO_32_BIT_CONVERSION</key>
				<string>YES</string>
				<key>GCC_WARN_ABOUT_RETURN_TYPE</key>
				<string>YES_ERROR</string>
				<key>GCC_WARN_UNDECLARED_SELECTOR</key>
				<string>YES</string>
				<key>GCC_WARN_UNINITIALIZED_AUTOS</key>
				<string>YES_AGGRESSIVE</string>
				<key>GCC_WARN_UNUSED_FUNCTION</key>
				<string>YES</string>
				<key>GCC_WARN_UNUSED_VARIABLE</key>
				<string>YES</string>
				<key>MACOSX_DEPLOYMENT_TARGET</key>
				<string>10.10</string>
				<key>MTL_ENABLE_DEBUG_INFO</key>
				<string>YES</string>
				<key>ONLY_ACTIVE_ARCH</key>
				<string>YES</string>
				<key>SDKROOT</key>
				<string>macosx</string>
			</dict>
			<key>isa</key>
			<string>XCBuildConfiguration</string>
			<key>name</key>
			<string>Debug</string>
		</dict>
		<key>E12A0D301A217BE200C0C366</key>
		<dict>
			<key>buildSettings</key>
			<dict>
				<key>ALWAYS_SEARCH_USER_PATHS</key>
				<string>NO</string>
				<key>CLANG_CXX_LANGUAGE_STANDARD</key>
				<string>gnu++0x</string>
				<key>CLANG_CXX_LIBRARY</key>
				<string>libc++</string>
				<key>CLANG_ENABLE_MODULES</key>
				<string>YES</string>
				<key>CLANG_ENABLE_OBJC_ARC</key>
				<string>YES</string>
				<key>CLANG_WARN_BOOL_CONVERSION</key>
				<string>YES</string>
				<key>CLANG_WARN_CONSTANT_CONVERSION</key>
				<string>YES</string>
				<key>CLANG_WARN_DIRECT_OBJC_ISA_USAGE</key>
				<string>YES_ERROR</string>
				<key>CLANG_WARN_EMPTY_BODY</key>
				<string>YES</string>
				<key>CLANG_WARN_ENUM_CONVERSION</key>
				<string>YES</string>
				<key>CLANG_WARN_INT_CONVERSION</key>
				<string>YES</string>
				<key>CLANG_WARN_OBJC_ROOT_CLASS</key>
				<string>YES_ERROR</string>
				<key>CLANG_WARN_UNREACHABLE_CODE</key>
				<string>YES</string>
				<key>CLANG_WARN__DUPLICATE_METHOD_MATCH</key>
				<string>YES</string>
				<key>CODE_SIGN_IDENTITY</key>
				<string>-</string>
				<key>COPY_PHASE_STRIP</key>
				<string>YES</string>
				<key>DEBUG_INFORMATION_FORMAT</key>
				<string>dwarf-with-dsym</string>
				<key>ENABLE_NS_ASSERTIONS</key>
				<string>NO</string>
				<key>ENABLE_STRICT_OBJC_MSGSEND</key>
				<string>YES</string>
				<key>GCC_C_LANGUAGE_STANDARD</key>
				<string>gnu99</string>
				<key>GCC_WARN_64_TO_32_BIT_CONVERSION</key>
				<string>YES</string>
				<key>GCC_WARN_ABOUT_RETURN_TYPE</key>
				<string>YES_ERROR</string>
				<key>GCC_WARN_UNDECLARED_SELECTOR</key>
				<string>YES</string>
				<key>GCC_WARN_UNINITIALIZED_AUTOS</key>
				<string>YES_AGGRESSIVE</string>
				<key>GCC_WARN_UNUSED_FUNCTION</key>
				<string>YES</string>
				<key>GCC_WARN_UNUSED_VARIABLE</key>
				<string>YES</string>
				<key>MACOSX_DEPLOYMENT_TARGET</key>
				<string>10.10</string>
				<key>MTL_ENABLE_DEBUG_INFO</key>
				<string>NO</string>
				<key>SDKROOT</key>
				<string>macosx</string>
			</dict>
			<key>isa</key>
			<string>XCBuildConfiguration</string>
			<key>name</key>
			<string>Release</string>
		</dict>
		<key>E12A0D311A217BE200C0C366</key>
		<dict>
			<key>buildConfigurations</key>
			<array>
				<string>E12A0D321A217BE200C0C366</string>
				<string>E12A0D331A217BE200C0C366</string>
			</array>
			<key>defaultConfigurationIsVisible</key>
			<string>0</string>
			<key>isa</key>
			<string>XCConfigurationList</string>
		</dict>
		<key>E12A0D321A217BE200C0C366</key>
		<dict>
			<key>baseConfigurationReference</key>
			<string>570A3E20716E79E5D9A01CCF</string>
			<key>buildSettings</key>
			<dict>
				<key>ASSETCATALOG_COMPILER_APPICON_NAME</key>
				<string>AppIcon</string>
				<key>COMBINE_HIDPI_IMAGES</key>
				<string>YES</string>
				<key>INFOPLIST_FILE</key>
				<string>Thor/Info.plist</string>
				<key>LD_RUNPATH_SEARCH_PATHS</key>
				<string>$(inherited) @executable_path/../Frameworks</string>
				<key>PRODUCT_NAME</key>
				<string>$(TARGET_NAME)</string>
			</dict>
			<key>isa</key>
			<string>XCBuildConfiguration</string>
			<key>name</key>
			<string>Debug</string>
		</dict>
		<key>E12A0D331A217BE200C0C366</key>
		<dict>
			<key>baseConfigurationReference</key>
			<string>5CC7ECE03F9F76B403FB5676</string>
			<key>buildSettings</key>
			<dict>
				<key>ASSETCATALOG_COMPILER_APPICON_NAME</key>
				<string>AppIcon</string>
				<key>COMBINE_HIDPI_IMAGES</key>
				<string>YES</string>
				<key>INFOPLIST_FILE</key>
				<string>Thor/Info.plist</string>
				<key>LD_RUNPATH_SEARCH_PATHS</key>
				<string>$(inherited) @executable_path/../Frameworks</string>
				<key>PRODUCT_NAME</key>
				<string>$(TARGET_NAME)</string>
			</dict>
			<key>isa</key>
			<string>XCBuildConfiguration</string>
			<key>name</key>
			<string>Release</string>
		</dict>
		<key>E12A0D341A217BE200C0C366</key>
		<dict>
			<key>buildConfigurations</key>
			<array>
				<string>E12A0D351A217BE200C0C366</string>
				<string>E12A0D361A217BE200C0C366</string>
			</array>
			<key>defaultConfigurationIsVisible</key>
			<string>0</string>
			<key>isa</key>
			<string>XCConfigurationList</string>
		</dict>
		<key>E12A0D351A217BE200C0C366</key>
		<dict>
			<key>buildSettings</key>
			<dict>
				<key>BUNDLE_LOADER</key>
				<string>$(TEST_HOST)</string>
				<key>COMBINE_HIDPI_IMAGES</key>
				<string>YES</string>
				<key>FRAMEWORK_SEARCH_PATHS</key>
				<array>
					<string>$(DEVELOPER_FRAMEWORKS_DIR)</string>
					<string>$(inherited)</string>
				</array>
				<key>GCC_PREPROCESSOR_DEFINITIONS</key>
				<array>
					<string>DEBUG=1</string>
					<string>$(inherited)</string>
				</array>
				<key>INFOPLIST_FILE</key>
				<string>ThorTests/Info.plist</string>
				<key>LD_RUNPATH_SEARCH_PATHS</key>
				<string>$(inherited) @executable_path/../Frameworks @loader_path/../Frameworks</string>
				<key>PRODUCT_NAME</key>
				<string>$(TARGET_NAME)</string>
				<key>TEST_HOST</key>
				<string>$(BUILT_PRODUCTS_DIR)/Thor.app/Contents/MacOS/Thor</string>
			</dict>
			<key>isa</key>
			<string>XCBuildConfiguration</string>
			<key>name</key>
			<string>Debug</string>
		</dict>
		<key>E12A0D361A217BE200C0C366</key>
		<dict>
			<key>buildSettings</key>
			<dict>
				<key>BUNDLE_LOADER</key>
				<string>$(TEST_HOST)</string>
				<key>COMBINE_HIDPI_IMAGES</key>
				<string>YES</string>
				<key>FRAMEWORK_SEARCH_PATHS</key>
				<array>
					<string>$(DEVELOPER_FRAMEWORKS_DIR)</string>
					<string>$(inherited)</string>
				</array>
				<key>INFOPLIST_FILE</key>
				<string>ThorTests/Info.plist</string>
				<key>LD_RUNPATH_SEARCH_PATHS</key>
				<string>$(inherited) @executable_path/../Frameworks @loader_path/../Frameworks</string>
				<key>PRODUCT_NAME</key>
				<string>$(TARGET_NAME)</string>
				<key>TEST_HOST</key>
				<string>$(BUILT_PRODUCTS_DIR)/Thor.app/Contents/MacOS/Thor</string>
			</dict>
			<key>isa</key>
			<string>XCBuildConfiguration</string>
			<key>name</key>
			<string>Release</string>
		</dict>
		<key>E12A0D371A217BF900C0C366</key>
		<dict>
			<key>buildActionMask</key>
			<string>2147483647</string>
			<key>files</key>
			<array/>
			<key>inputPaths</key>
			<array/>
			<key>isa</key>
			<string>PBXShellScriptBuildPhase</string>
			<key>outputPaths</key>
			<array/>
			<key>runOnlyForDeploymentPostprocessing</key>
			<string>0</string>
			<key>shellPath</key>
			<string>/bin/sh</string>
			<key>shellScript</key>
			<string>buildNumber=$(/usr/libexec/PlistBuddy -c "Print CFBundleVersion" "${PROJECT_DIR}/${INFOPLIST_FILE}")
buildNumber=$(($buildNumber + 1))
/usr/libexec/PlistBuddy -c "Set :CFBundleVersion $buildNumber" "${PROJECT_DIR}/${INFOPLIST_FILE}"
</string>
		</dict>
		<key>E12A0D381A217C0600C0C366</key>
		<dict>
			<key>buildActionMask</key>
			<string>8</string>
			<key>files</key>
			<array/>
			<key>inputPaths</key>
			<array/>
			<key>isa</key>
			<string>PBXShellScriptBuildPhase</string>
			<key>outputPaths</key>
			<array/>
			<key>runOnlyForDeploymentPostprocessing</key>
			<string>1</string>
			<key>shellPath</key>
			<string>/bin/sh</string>
			<key>shellScript</key>
			<string>VERSIONNUM=$(/usr/libexec/PlistBuddy -c "Print CFBundleShortVersionString" "${PROJECT_DIR}/${INFOPLIST_FILE}")
NEWSUBVERSION=`echo $VERSIONNUM | awk -F "." '{print $3}'`
NEWSUBVERSION=$(($NEWSUBVERSION + 1))
NEWVERSIONSTRING=`echo $VERSIONNUM | awk -F "." '{print $1 "." $2 ".'$NEWSUBVERSION'" }'`
/usr/libexec/PlistBuddy -c "Set :CFBundleShortVersionString $NEWVERSIONSTRING" "${PROJECT_DIR}/${INFOPLIST_FILE}"</string>
		</dict>
		<key>E12A0D391A217D6300C0C366</key>
		<dict>
			<key>children</key>
			<array>
				<string>E12A0D3A1A217D6300C0C366</string>
				<string>E12A0D3B1A217D6300C0C366</string>
				<string>E12A0D3C1A217D6300C0C366</string>
				<string>E12A0D3D1A217D6300C0C366</string>
				<string>E12A0D3E1A217D6300C0C366</string>
				<string>E12A0D3F1A217D6300C0C366</string>
			</array>
			<key>isa</key>
			<string>PBXGroup</string>
			<key>path</key>
			<string>Controller</string>
			<key>sourceTree</key>
			<string>&lt;group&gt;</string>
		</dict>
		<key>E12A0D3A1A217D6300C0C366</key>
		<dict>
			<key>fileEncoding</key>
			<string>4</string>
			<key>isa</key>
			<string>PBXFileReference</string>
			<key>lastKnownFileType</key>
			<string>sourcecode.c.h</string>
			<key>path</key>
			<string>AZAppController.h</string>
			<key>sourceTree</key>
			<string>&lt;group&gt;</string>
		</dict>
		<key>E12A0D3B1A217D6300C0C366</key>
		<dict>
			<key>fileEncoding</key>
			<string>4</string>
			<key>isa</key>
			<string>PBXFileReference</string>
			<key>lastKnownFileType</key>
			<string>sourcecode.c.objc</string>
			<key>path</key>
			<string>AZAppController.m</string>
			<key>sourceTree</key>
			<string>&lt;group&gt;</string>
		</dict>
		<key>E12A0D3C1A217D6300C0C366</key>
		<dict>
			<key>fileEncoding</key>
			<string>4</string>
			<key>isa</key>
			<string>PBXFileReference</string>
			<key>lastKnownFileType</key>
			<string>sourcecode.c.h</string>
			<key>path</key>
			<string>AZPreferenceWindowController.h</string>
			<key>sourceTree</key>
			<string>&lt;group&gt;</string>
		</dict>
		<key>E12A0D3D1A217D6300C0C366</key>
		<dict>
			<key>fileEncoding</key>
			<string>4</string>
			<key>isa</key>
			<string>PBXFileReference</string>
			<key>lastKnownFileType</key>
			<string>sourcecode.c.objc</string>
			<key>path</key>
			<string>AZPreferenceWindowController.m</string>
			<key>sourceTree</key>
			<string>&lt;group&gt;</string>
		</dict>
		<key>E12A0D3E1A217D6300C0C366</key>
		<dict>
			<key>fileEncoding</key>
			<string>4</string>
			<key>isa</key>
			<string>PBXFileReference</string>
			<key>lastKnownFileType</key>
			<string>sourcecode.c.h</string>
			<key>path</key>
			<string>AZPrefsWindowController.h</string>
			<key>sourceTree</key>
			<string>&lt;group&gt;</string>
		</dict>
		<key>E12A0D3F1A217D6300C0C366</key>
		<dict>
			<key>fileEncoding</key>
			<string>4</string>
			<key>isa</key>
			<string>PBXFileReference</string>
			<key>lastKnownFileType</key>
			<string>sourcecode.c.objc</string>
			<key>path</key>
			<string>AZPrefsWindowController.m</string>
			<key>sourceTree</key>
			<string>&lt;group&gt;</string>
		</dict>
		<key>E12A0D401A217D6300C0C366</key>
		<dict>
			<key>children</key>
			<array>
				<string>E12A0D411A217D6300C0C366</string>
				<string>E12A0D421A217D6300C0C366</string>
				<string>E12A0D431A217D6300C0C366</string>
				<string>E12A0D441A217D6300C0C366</string>
				<string>E12A0D451A217D6300C0C366</string>
				<string>E12A0D461A217D6300C0C366</string>
				<string>E12A0D471A217D6300C0C366</string>
				<string>E12A0D481A217D6300C0C366</string>
			</array>
			<key>isa</key>
			<string>PBXGroup</string>
			<key>path</key>
			<string>Helper</string>
			<key>sourceTree</key>
			<string>&lt;group&gt;</string>
		</dict>
		<key>E12A0D411A217D6300C0C366</key>
		<dict>
			<key>fileEncoding</key>
			<string>4</string>
			<key>isa</key>
			<string>PBXFileReference</string>
			<key>lastKnownFileType</key>
			<string>sourcecode.c.h</string>
			<key>path</key>
			<string>AZAppsManager.h</string>
			<key>sourceTree</key>
			<string>&lt;group&gt;</string>
		</dict>
		<key>E12A0D421A217D6300C0C366</key>
		<dict>
			<key>fileEncoding</key>
			<string>4</string>
			<key>isa</key>
			<string>PBXFileReference</string>
			<key>lastKnownFileType</key>
			<string>sourcecode.c.objc</string>
			<key>path</key>
			<string>AZAppsManager.m</string>
			<key>sourceTree</key>
			<string>&lt;group&gt;</string>
		</dict>
		<key>E12A0D431A217D6300C0C366</key>
		<dict>
			<key>fileEncoding</key>
			<string>4</string>
			<key>isa</key>
			<string>PBXFileReference</string>
			<key>lastKnownFileType</key>
			<string>sourcecode.c.h</string>
			<key>path</key>
			<string>AZHotKeyManager.h</string>
			<key>sourceTree</key>
			<string>&lt;group&gt;</string>
		</dict>
		<key>E12A0D441A217D6300C0C366</key>
		<dict>
			<key>fileEncoding</key>
			<string>4</string>
			<key>isa</key>
			<string>PBXFileReference</string>
			<key>lastKnownFileType</key>
			<string>sourcecode.c.objc</string>
			<key>path</key>
			<string>AZHotKeyManager.m</string>
			<key>sourceTree</key>
			<string>&lt;group&gt;</string>
		</dict>
		<key>E12A0D451A217D6300C0C366</key>
		<dict>
			<key>fileEncoding</key>
			<string>4</string>
			<key>isa</key>
			<string>PBXFileReference</string>
			<key>lastKnownFileType</key>
			<string>sourcecode.c.h</string>
			<key>path</key>
			<string>AZResourceManager.h</string>
			<key>sourceTree</key>
			<string>&lt;group&gt;</string>
		</dict>
		<key>E12A0D461A217D6300C0C366</key>
		<dict>
			<key>fileEncoding</key>
			<string>4</string>
			<key>isa</key>
			<string>PBXFileReference</string>
			<key>lastKnownFileType</key>
			<string>sourcecode.c.objc</string>
			<key>path</key>
			<string>AZResourceManager.m</string>
			<key>sourceTree</key>
			<string>&lt;group&gt;</string>
		</dict>
		<key>E12A0D471A217D6300C0C366</key>
		<dict>
			<key>fileEncoding</key>
			<string>4</string>
			<key>isa</key>
			<string>PBXFileReference</string>
			<key>lastKnownFileType</key>
			<string>sourcecode.c.h</string>
			<key>path</key>
			<string>NSView+Addition.h</string>
			<key>sourceTree</key>
			<string>&lt;group&gt;</string>
		</dict>
		<key>E12A0D481A217D6300C0C366</key>
		<dict>
			<key>fileEncoding</key>
			<string>4</string>
			<key>isa</key>
			<string>PBXFileReference</string>
			<key>lastKnownFileType</key>
			<string>sourcecode.c.objc</string>
			<key>path</key>
			<string>NSView+Addition.m</string>
			<key>sourceTree</key>
			<string>&lt;group&gt;</string>
		</dict>
		<key>E12A0D491A217D6300C0C366</key>
		<dict>
			<key>children</key>
			<array>
				<string>E12A0D4A1A217D6300C0C366</string>
				<string>E12A0D4B1A217D6300C0C366</string>
				<string>E12A0D4C1A217D6300C0C366</string>
			</array>
			<key>isa</key>
			<string>PBXGroup</string>
			<key>path</key>
			<string>Macro</string>
			<key>sourceTree</key>
			<string>&lt;group&gt;</string>
		</dict>
		<key>E12A0D4A1A217D6300C0C366</key>
		<dict>
			<key>fileEncoding</key>
			<string>4</string>
			<key>isa</key>
			<string>PBXFileReference</string>
			<key>lastKnownFileType</key>
			<string>sourcecode.c.h</string>
			<key>path</key>
			<string>AppMacro.h</string>
			<key>sourceTree</key>
			<string>&lt;group&gt;</string>
		</dict>
		<key>E12A0D4B1A217D6300C0C366</key>
		<dict>
			<key>fileEncoding</key>
			<string>4</string>
			<key>isa</key>
			<string>PBXFileReference</string>
			<key>lastKnownFileType</key>
			<string>sourcecode.c.h</string>
			<key>path</key>
			<string>UtilsMacro.h</string>
			<key>sourceTree</key>
			<string>&lt;group&gt;</string>
		</dict>
		<key>E12A0D4C1A217D6300C0C366</key>
		<dict>
			<key>fileEncoding</key>
			<string>4</string>
			<key>isa</key>
			<string>PBXFileReference</string>
			<key>lastKnownFileType</key>
			<string>sourcecode.c.h</string>
			<key>path</key>
			<string>VendorMacro.h</string>
			<key>sourceTree</key>
			<string>&lt;group&gt;</string>
		</dict>
		<key>E12A0D4D1A217D6300C0C366</key>
		<dict>
			<key>children</key>
			<array>
				<string>E12A0D4E1A217D6300C0C366</string>
				<string>E12A0D4F1A217D6300C0C366</string>
			</array>
			<key>isa</key>
			<string>PBXGroup</string>
			<key>path</key>
			<string>Model</string>
			<key>sourceTree</key>
			<string>&lt;group&gt;</string>
		</dict>
		<key>E12A0D4E1A217D6300C0C366</key>
		<dict>
			<key>fileEncoding</key>
			<string>4</string>
			<key>isa</key>
			<string>PBXFileReference</string>
			<key>lastKnownFileType</key>
			<string>sourcecode.c.h</string>
			<key>path</key>
			<string>AZAppModel.h</string>
			<key>sourceTree</key>
			<string>&lt;group&gt;</string>
		</dict>
		<key>E12A0D4F1A217D6300C0C366</key>
		<dict>
			<key>fileEncoding</key>
			<string>4</string>
			<key>isa</key>
			<string>PBXFileReference</string>
			<key>lastKnownFileType</key>
			<string>sourcecode.c.objc</string>
			<key>path</key>
			<string>AZAppModel.m</string>
			<key>sourceTree</key>
			<string>&lt;group&gt;</string>
		</dict>
		<key>E12A0D501A217D6300C0C366</key>
		<dict>
			<key>children</key>
			<array>
				<string>E12A0D511A217D6300C0C366</string>
			</array>
			<key>isa</key>
			<string>PBXGroup</string>
			<key>path</key>
			<string>Resources</string>
			<key>sourceTree</key>
			<string>&lt;group&gt;</string>
		</dict>
		<key>E12A0D511A217D6300C0C366</key>
		<dict>
			<key>children</key>
			<array>
				<string>E12A0D521A217D6300C0C366</string>
				<string>E12A0D531A217D6300C0C366</string>
				<string>E12A0D541A217D6300C0C366</string>
			</array>
			<key>isa</key>
			<string>PBXGroup</string>
			<key>path</key>
			<string>img</string>
			<key>sourceTree</key>
			<string>&lt;group&gt;</string>
		</dict>
		<key>E12A0D521A217D6300C0C366</key>
		<dict>
			<key>isa</key>
			<string>PBXFileReference</string>
			<key>lastKnownFileType</key>
			<string>image.png</string>
			<key>path</key>
			<string>Advanced.png</string>
			<key>sourceTree</key>
			<string>&lt;group&gt;</string>
		</dict>
		<key>E12A0D531A217D6300C0C366</key>
		<dict>
			<key>isa</key>
			<string>PBXFileReference</string>
			<key>lastKnownFileType</key>
			<string>image.png</string>
			<key>path</key>
			<string>General.png</string>
			<key>sourceTree</key>
			<string>&lt;group&gt;</string>
		</dict>
		<key>E12A0D541A217D6300C0C366</key>
		<dict>
			<key>isa</key>
			<string>PBXFileReference</string>
			<key>lastKnownFileType</key>
			<string>image.tiff</string>
			<key>path</key>
			<string>Updates.tiff</string>
			<key>sourceTree</key>
			<string>&lt;group&gt;</string>
		</dict>
		<key>E12A0D551A217D6300C0C366</key>
		<dict>
			<key>children</key>
			<array/>
			<key>isa</key>
			<string>PBXGroup</string>
			<key>path</key>
			<string>Vendor</string>
			<key>sourceTree</key>
			<string>&lt;group&gt;</string>
		</dict>
		<key>E12A0D561A217D6300C0C366</key>
		<dict>
			<key>children</key>
			<array>
				<string>E12A0D571A217D6300C0C366</string>
				<string>E12A0D581A217D6300C0C366</string>
				<string>E12A0D591A217D6300C0C366</string>
				<string>E12A0D5A1A217D6300C0C366</string>
				<string>E12A0D5B1A217D6300C0C366</string>
				<string>E12A0D5C1A217D6300C0C366</string>
				<string>E12A0D5D1A217D6300C0C366</string>
				<string>E12A0D5E1A217D6300C0C366</string>
				<string>E12A0D6E1A217DCE00C0C366</string>
				<string>E12A0D6F1A217DCE00C0C366</string>
			</array>
			<key>isa</key>
			<string>PBXGroup</string>
			<key>path</key>
			<string>View</string>
			<key>sourceTree</key>
			<string>&lt;group&gt;</string>
		</dict>
		<key>E12A0D571A217D6300C0C366</key>
		<dict>
			<key>fileEncoding</key>
			<string>4</string>
			<key>isa</key>
			<string>PBXFileReference</string>
			<key>lastKnownFileType</key>
			<string>sourcecode.c.h</string>
			<key>path</key>
			<string>AZAboutView.h</string>
			<key>sourceTree</key>
			<string>&lt;group&gt;</string>
		</dict>
		<key>E12A0D581A217D6300C0C366</key>
		<dict>
			<key>fileEncoding</key>
			<string>4</string>
			<key>isa</key>
			<string>PBXFileReference</string>
			<key>lastKnownFileType</key>
			<string>sourcecode.c.objc</string>
			<key>path</key>
			<string>AZAboutView.m</string>
			<key>sourceTree</key>
			<string>&lt;group&gt;</string>
		</dict>
		<key>E12A0D591A217D6300C0C366</key>
		<dict>
			<key>fileEncoding</key>
			<string>4</string>
			<key>isa</key>
			<string>PBXFileReference</string>
			<key>lastKnownFileType</key>
			<string>sourcecode.c.h</string>
			<key>path</key>
			<string>AZAppIconView.h</string>
			<key>sourceTree</key>
			<string>&lt;group&gt;</string>
		</dict>
		<key>E12A0D5A1A217D6300C0C366</key>
		<dict>
			<key>fileEncoding</key>
			<string>4</string>
			<key>isa</key>
			<string>PBXFileReference</string>
			<key>lastKnownFileType</key>
			<string>sourcecode.c.objc</string>
			<key>path</key>
			<string>AZAppIconView.m</string>
			<key>sourceTree</key>
			<string>&lt;group&gt;</string>
		</dict>
		<key>E12A0D5B1A217D6300C0C366</key>
		<dict>
			<key>fileEncoding</key>
			<string>4</string>
			<key>isa</key>
			<string>PBXFileReference</string>
			<key>lastKnownFileType</key>
			<string>sourcecode.c.h</string>
			<key>path</key>
			<string>AZAppsSelectionView.h</string>
			<key>sourceTree</key>
			<string>&lt;group&gt;</string>
		</dict>
		<key>E12A0D5C1A217D6300C0C366</key>
		<dict>
			<key>fileEncoding</key>
			<string>4</string>
			<key>isa</key>
			<string>PBXFileReference</string>
			<key>lastKnownFileType</key>
			<string>sourcecode.c.objc</string>
			<key>path</key>
			<string>AZAppsSelectionView.m</string>
			<key>sourceTree</key>
			<string>&lt;group&gt;</string>
		</dict>
		<key>E12A0D5D1A217D6300C0C366</key>
		<dict>
			<key>fileEncoding</key>
			<string>4</string>
			<key>isa</key>
			<string>PBXFileReference</string>
			<key>lastKnownFileType</key>
			<string>sourcecode.c.h</string>
			<key>path</key>
			<string>AZConfigView.h</string>
			<key>sourceTree</key>
			<string>&lt;group&gt;</string>
		</dict>
		<key>E12A0D5E1A217D6300C0C366</key>
		<dict>
			<key>fileEncoding</key>
			<string>4</string>
			<key>isa</key>
			<string>PBXFileReference</string>
			<key>lastKnownFileType</key>
			<string>sourcecode.c.objc</string>
			<key>path</key>
			<string>AZConfigView.m</string>
			<key>sourceTree</key>
			<string>&lt;group&gt;</string>
		</dict>
		<key>E12A0D5F1A217D6300C0C366</key>
		<dict>
			<key>fileRef</key>
			<string>E12A0D3B1A217D6300C0C366</string>
			<key>isa</key>
			<string>PBXBuildFile</string>
		</dict>
		<key>E12A0D601A217D6300C0C366</key>
		<dict>
			<key>fileRef</key>
			<string>E12A0D3D1A217D6300C0C366</string>
			<key>isa</key>
			<string>PBXBuildFile</string>
		</dict>
		<key>E12A0D611A217D6300C0C366</key>
		<dict>
			<key>fileRef</key>
			<string>E12A0D3F1A217D6300C0C366</string>
			<key>isa</key>
			<string>PBXBuildFile</string>
		</dict>
		<key>E12A0D621A217D6300C0C366</key>
		<dict>
			<key>fileRef</key>
			<string>E12A0D421A217D6300C0C366</string>
			<key>isa</key>
			<string>PBXBuildFile</string>
		</dict>
		<key>E12A0D631A217D6300C0C366</key>
		<dict>
			<key>fileRef</key>
			<string>E12A0D441A217D6300C0C366</string>
			<key>isa</key>
			<string>PBXBuildFile</string>
		</dict>
		<key>E12A0D641A217D6300C0C366</key>
		<dict>
			<key>fileRef</key>
			<string>E12A0D461A217D6300C0C366</string>
			<key>isa</key>
			<string>PBXBuildFile</string>
		</dict>
		<key>E12A0D651A217D6300C0C366</key>
		<dict>
			<key>fileRef</key>
			<string>E12A0D481A217D6300C0C366</string>
			<key>isa</key>
			<string>PBXBuildFile</string>
		</dict>
		<key>E12A0D661A217D6300C0C366</key>
		<dict>
			<key>fileRef</key>
			<string>E12A0D4F1A217D6300C0C366</string>
			<key>isa</key>
			<string>PBXBuildFile</string>
		</dict>
		<key>E12A0D671A217D6300C0C366</key>
		<dict>
			<key>fileRef</key>
			<string>E12A0D521A217D6300C0C366</string>
			<key>isa</key>
			<string>PBXBuildFile</string>
		</dict>
		<key>E12A0D681A217D6300C0C366</key>
		<dict>
			<key>fileRef</key>
			<string>E12A0D531A217D6300C0C366</string>
			<key>isa</key>
			<string>PBXBuildFile</string>
		</dict>
		<key>E12A0D691A217D6300C0C366</key>
		<dict>
			<key>fileRef</key>
			<string>E12A0D541A217D6300C0C366</string>
			<key>isa</key>
			<string>PBXBuildFile</string>
		</dict>
		<key>E12A0D6A1A217D6300C0C366</key>
		<dict>
			<key>fileRef</key>
			<string>E12A0D581A217D6300C0C366</string>
			<key>isa</key>
			<string>PBXBuildFile</string>
		</dict>
		<key>E12A0D6B1A217D6300C0C366</key>
		<dict>
			<key>fileRef</key>
			<string>E12A0D5A1A217D6300C0C366</string>
			<key>isa</key>
			<string>PBXBuildFile</string>
		</dict>
		<key>E12A0D6C1A217D6300C0C366</key>
		<dict>
			<key>fileRef</key>
			<string>E12A0D5C1A217D6300C0C366</string>
			<key>isa</key>
			<string>PBXBuildFile</string>
		</dict>
		<key>E12A0D6D1A217D6300C0C366</key>
		<dict>
			<key>fileRef</key>
			<string>E12A0D5E1A217D6300C0C366</string>
			<key>isa</key>
			<string>PBXBuildFile</string>
		</dict>
		<key>E12A0D6E1A217DCE00C0C366</key>
		<dict>
			<key>fileEncoding</key>
			<string>4</string>
			<key>isa</key>
			<string>PBXFileReference</string>
			<key>lastKnownFileType</key>
			<string>sourcecode.c.h</string>
			<key>path</key>
			<string>AZAppsSwitchWindow.h</string>
			<key>sourceTree</key>
			<string>&lt;group&gt;</string>
		</dict>
		<key>E12A0D6F1A217DCE00C0C366</key>
		<dict>
			<key>fileEncoding</key>
			<string>4</string>
			<key>isa</key>
			<string>PBXFileReference</string>
			<key>lastKnownFileType</key>
			<string>sourcecode.c.objc</string>
			<key>path</key>
			<string>AZAppsSwitchWindow.m</string>
			<key>sourceTree</key>
			<string>&lt;group&gt;</string>
		</dict>
		<key>E12A0D701A217DCE00C0C366</key>
		<dict>
			<key>fileRef</key>
			<string>E12A0D6F1A217DCE00C0C366</string>
			<key>isa</key>
			<string>PBXBuildFile</string>
		</dict>
	</dict>
	<key>rootObject</key>
	<string>E12A0D091A217BE200C0C366</string>
</dict>
</plist>
